// !$*UTF8*$!
{
	archiveVersion = 1;
	classes = {
	};
	objectVersion = 46;
	objects = {

/* Begin PBXBuildFile section */
		081422EF16E139910068C955 /* noimageLandscape480x320.png in Resources */ = {isa = PBXBuildFile; fileRef = 081422EC16E139910068C955 /* noimageLandscape480x320.png */; };
		081422F016E139910068C955 /* noimageLandscape480x320@2x.png in Resources */ = {isa = PBXBuildFile; fileRef = 081422ED16E139910068C955 /* noimageLandscape480x320@2x.png */; };
		081422F116E139910068C955 /* noimageLandscape1024x768.png in Resources */ = {isa = PBXBuildFile; fileRef = 081422EE16E139910068C955 /* noimageLandscape1024x768.png */; };
		0818B447154E290800B54DB8 /* fiveHundredPXAccountTableCell.png in Resources */ = {isa = PBXBuildFile; fileRef = 0818B443154E290800B54DB8 /* fiveHundredPXAccountTableCell.png */; };
		0818B448154E290800B54DB8 /* fiveHundredPXAccountTableCell@2x.png in Resources */ = {isa = PBXBuildFile; fileRef = 0818B444154E290800B54DB8 /* fiveHundredPXAccountTableCell@2x.png */; };
		0818B44D154E2B7D00B54DB8 /* fiveHundredPXAccountUIViewController.m in Sources */ = {isa = PBXBuildFile; fileRef = 0818B44B154E2B7D00B54DB8 /* fiveHundredPXAccountUIViewController.m */; };
		0818B44E154E2B7D00B54DB8 /* fiveHundredPXAccountUIViewController.xib in Resources */ = {isa = PBXBuildFile; fileRef = 0818B44C154E2B7D00B54DB8 /* fiveHundredPXAccountUIViewController.xib */; };
		081BDF7A16DAB12700B4DFD9 /* splash-02-568x320@2x.png in Resources */ = {isa = PBXBuildFile; fileRef = 081BDF7816DAB12700B4DFD9 /* splash-02-568x320@2x.png */; };
		081BDF7B16DAB12700B4DFD9 /* splash-02-1024x768.png in Resources */ = {isa = PBXBuildFile; fileRef = 081BDF7916DAB12700B4DFD9 /* splash-02-1024x768.png */; };
		081BDF7D16DAB37600B4DFD9 /* splash-02-568h@2x.png in Resources */ = {isa = PBXBuildFile; fileRef = 081BDF7C16DAB37600B4DFD9 /* splash-02-568h@2x.png */; };
		081BDF7F16DAB41500B4DFD9 /* splash-02-Portrait~ipad.png in Resources */ = {isa = PBXBuildFile; fileRef = 081BDF7E16DAB41500B4DFD9 /* splash-02-Portrait~ipad.png */; };
		08321AC016E4271800665F32 /* GraphWalkUIViewController.m in Sources */ = {isa = PBXBuildFile; fileRef = 08321ABE16E4271800665F32 /* GraphWalkUIViewController.m */; };
		08321AC116E4271800665F32 /* GraphWalkUIViewController.xib in Resources */ = {isa = PBXBuildFile; fileRef = 08321ABF16E4271800665F32 /* GraphWalkUIViewController.xib */; };
		08321AC416E43F8300665F32 /* GraphWalkView.m in Sources */ = {isa = PBXBuildFile; fileRef = 08321AC316E43F8300665F32 /* GraphWalkView.m */; };
		08328BA216E8A4DD00FBE632 /* zara.jpg in Resources */ = {isa = PBXBuildFile; fileRef = 08328BA116E8A4DD00FBE632 /* zara.jpg */; };
		083915BB14617577005C42D8 /* UIKit.framework in Frameworks */ = {isa = PBXBuildFile; fileRef = 083915BA14617577005C42D8 /* UIKit.framework */; };
		083915BD14617577005C42D8 /* Foundation.framework in Frameworks */ = {isa = PBXBuildFile; fileRef = 083915BC14617577005C42D8 /* Foundation.framework */; };
		083915BF14617577005C42D8 /* CoreGraphics.framework in Frameworks */ = {isa = PBXBuildFile; fileRef = 083915BE14617577005C42D8 /* CoreGraphics.framework */; };
		083915C114617577005C42D8 /* CoreData.framework in Frameworks */ = {isa = PBXBuildFile; fileRef = 083915C014617577005C42D8 /* CoreData.framework */; };
		0839163014619A89005C42D8 /* NSObject+SBJson.m in Sources */ = {isa = PBXBuildFile; fileRef = 0839161514619A89005C42D8 /* NSObject+SBJson.m */; };
		0839163114619A89005C42D8 /* NSString+SBJSON.m in Sources */ = {isa = PBXBuildFile; fileRef = 0839161714619A89005C42D8 /* NSString+SBJSON.m */; };
		0839163214619A89005C42D8 /* SBJsonParser.m in Sources */ = {isa = PBXBuildFile; fileRef = 0839161A14619A89005C42D8 /* SBJsonParser.m */; };
		0839163314619A89005C42D8 /* SBJsonStreamParser.m in Sources */ = {isa = PBXBuildFile; fileRef = 0839161C14619A89005C42D8 /* SBJsonStreamParser.m */; };
		0839163414619A89005C42D8 /* SBJsonStreamParserAccumulator.m in Sources */ = {isa = PBXBuildFile; fileRef = 0839161E14619A89005C42D8 /* SBJsonStreamParserAccumulator.m */; };
		0839163514619A89005C42D8 /* SBJsonStreamParserAdapter.m in Sources */ = {isa = PBXBuildFile; fileRef = 0839162014619A89005C42D8 /* SBJsonStreamParserAdapter.m */; };
		0839163614619A89005C42D8 /* SBJsonStreamParserState.m in Sources */ = {isa = PBXBuildFile; fileRef = 0839162214619A89005C42D8 /* SBJsonStreamParserState.m */; };
		0839163714619A89005C42D8 /* SBJsonStreamWriter.m in Sources */ = {isa = PBXBuildFile; fileRef = 0839162414619A89005C42D8 /* SBJsonStreamWriter.m */; };
		0839163814619A89005C42D8 /* SBJsonStreamWriterAccumulator.m in Sources */ = {isa = PBXBuildFile; fileRef = 0839162614619A89005C42D8 /* SBJsonStreamWriterAccumulator.m */; };
		0839163914619A89005C42D8 /* SBJsonStreamWriterState.m in Sources */ = {isa = PBXBuildFile; fileRef = 0839162814619A89005C42D8 /* SBJsonStreamWriterState.m */; };
		0839163A14619A89005C42D8 /* SBJsonTokeniser.m in Sources */ = {isa = PBXBuildFile; fileRef = 0839162A14619A89005C42D8 /* SBJsonTokeniser.m */; };
		0839163B14619A89005C42D8 /* SBJsonUTF8Stream.m in Sources */ = {isa = PBXBuildFile; fileRef = 0839162C14619A89005C42D8 /* SBJsonUTF8Stream.m */; };
		0839163C14619A89005C42D8 /* SBJsonWriter.m in Sources */ = {isa = PBXBuildFile; fileRef = 0839162E14619A89005C42D8 /* SBJsonWriter.m */; };
		0839DBBB149CDAF900043178 /* tableCellIndicator.png in Resources */ = {isa = PBXBuildFile; fileRef = 0839DBBA149CDAF900043178 /* tableCellIndicator.png */; };
		0839DBC1149D08E200043178 /* AccountSettings.plist in Resources */ = {isa = PBXBuildFile; fileRef = 0839DBC0149D08E200043178 /* AccountSettings.plist */; };
		0839DBC3149D459D00043178 /* defaultIconImage.png in Resources */ = {isa = PBXBuildFile; fileRef = 0839DBC2149D459D00043178 /* defaultIconImage.png */; };
		0860C4271544DE4A003A7234 /* icon.png in Resources */ = {isa = PBXBuildFile; fileRef = 0860C4251544DE4A003A7234 /* icon.png */; };
		0860C4281544DE4A003A7234 /* icon@2x.png in Resources */ = {isa = PBXBuildFile; fileRef = 0860C4261544DE4A003A7234 /* icon@2x.png */; };
		0860C42E1544E1B9003A7234 /* icon-ipad.png in Resources */ = {isa = PBXBuildFile; fileRef = 0860C42A1544E1B9003A7234 /* icon-ipad.png */; };
		0860C42F1544E1B9003A7234 /* icon-ipad@2x.png in Resources */ = {isa = PBXBuildFile; fileRef = 0860C42B1544E1B9003A7234 /* icon-ipad@2x.png */; };
		0860C4301544E1B9003A7234 /* icon-search.png in Resources */ = {isa = PBXBuildFile; fileRef = 0860C42C1544E1B9003A7234 /* icon-search.png */; };
		0860C4311544E1B9003A7234 /* icon-search@2x.png in Resources */ = {isa = PBXBuildFile; fileRef = 0860C42D1544E1B9003A7234 /* icon-search@2x.png */; };
		0865E9E0168FA10E00A4B4BD /* UIImageView+LBBlurredImage.m in Sources */ = {isa = PBXBuildFile; fileRef = 0865E9DF168FA10E00A4B4BD /* UIImageView+LBBlurredImage.m */; };
		08837DDA158FA6250008F936 /* CoreImage.framework in Frameworks */ = {isa = PBXBuildFile; fileRef = 08837DD9158FA6250008F936 /* CoreImage.framework */; };
		08837DDF159018D00008F936 /* ErrorViewController.m in Sources */ = {isa = PBXBuildFile; fileRef = 08837DDD159018D00008F936 /* ErrorViewController.m */; };
		08837DE0159018D00008F936 /* ErrorViewController.xib in Resources */ = {isa = PBXBuildFile; fileRef = 08837DDE159018D00008F936 /* ErrorViewController.xib */; };
		08837DE3159251BC0008F936 /* NSError+Util.m in Sources */ = {isa = PBXBuildFile; fileRef = 08837DE2159251BC0008F936 /* NSError+Util.m */; };
		08837DED159288A20008F936 /* bg-yellow.png in Resources */ = {isa = PBXBuildFile; fileRef = 08837DE9159288A20008F936 /* bg-yellow.png */; };
		08837DEE159288A20008F936 /* bg-yellow@2x.png in Resources */ = {isa = PBXBuildFile; fileRef = 08837DEA159288A20008F936 /* bg-yellow@2x.png */; };
		08837DEF159288A20008F936 /* YRDropdownView.m in Sources */ = {isa = PBXBuildFile; fileRef = 08837DEC159288A20008F936 /* YRDropdownView.m */; };
		08837E001593B9B50008F936 /* dropdown-alert.png in Resources */ = {isa = PBXBuildFile; fileRef = 08837DFE1593B9B50008F936 /* dropdown-alert.png */; };
		08837E011593B9B50008F936 /* dropdown-alert@2x.png in Resources */ = {isa = PBXBuildFile; fileRef = 08837DFF1593B9B50008F936 /* dropdown-alert@2x.png */; };
		0886EE6714FAC3E00045C6C1 /* AccountsUIViewController.m in Sources */ = {isa = PBXBuildFile; fileRef = 0886EE6314FAC3E00045C6C1 /* AccountsUIViewController.m */; };
		0886EE6814FAC3E00045C6C1 /* AccountsUIViewController.xib in Resources */ = {isa = PBXBuildFile; fileRef = 0886EE6414FAC3E00045C6C1 /* AccountsUIViewController.xib */; };
		0886EE6914FAC3E00045C6C1 /* AccountTableViewCell.m in Sources */ = {isa = PBXBuildFile; fileRef = 0886EE6614FAC3E00045C6C1 /* AccountTableViewCell.m */; };
		0886EE6D14FAC40F0045C6C1 /* FlickrAccountUIViewController.m in Sources */ = {isa = PBXBuildFile; fileRef = 0886EE6B14FAC40F0045C6C1 /* FlickrAccountUIViewController.m */; };
		0886EE6E14FAC40F0045C6C1 /* FlickrAccountUIViewController.xib in Resources */ = {isa = PBXBuildFile; fileRef = 0886EE6C14FAC40F0045C6C1 /* FlickrAccountUIViewController.xib */; };
		08917D9D14F1FDA700F4C795 /* rotatePhone.png in Resources */ = {isa = PBXBuildFile; fileRef = 08917D9714F1FDA700F4C795 /* rotatePhone.png */; };
		08917D9E14F1FDA700F4C795 /* rotatePhone@2x.png in Resources */ = {isa = PBXBuildFile; fileRef = 08917D9814F1FDA700F4C795 /* rotatePhone@2x.png */; };
		08917D9F14F1FDA700F4C795 /* rotateToLandscape.png in Resources */ = {isa = PBXBuildFile; fileRef = 08917D9914F1FDA700F4C795 /* rotateToLandscape.png */; };
		08917DA014F1FDA700F4C795 /* rotateToLandscape@2x.png in Resources */ = {isa = PBXBuildFile; fileRef = 08917D9A14F1FDA700F4C795 /* rotateToLandscape@2x.png */; };
		08917DA114F1FDA700F4C795 /* rotateToPortrait.png in Resources */ = {isa = PBXBuildFile; fileRef = 08917D9B14F1FDA700F4C795 /* rotateToPortrait.png */; };
		08917DA214F1FDA700F4C795 /* rotateToPortrait@2x.png in Resources */ = {isa = PBXBuildFile; fileRef = 08917D9C14F1FDA700F4C795 /* rotateToPortrait@2x.png */; };
		08917DA514F1FEA000F4C795 /* comments.png in Resources */ = {isa = PBXBuildFile; fileRef = 08917DA314F1FEA000F4C795 /* comments.png */; };
		08917DA614F1FEA000F4C795 /* comments@2x.png in Resources */ = {isa = PBXBuildFile; fileRef = 08917DA414F1FEA000F4C795 /* comments@2x.png */; };
		08923EA914F1EF4E0013BD6E /* shareBtn.png in Resources */ = {isa = PBXBuildFile; fileRef = 08923EA714F1EF4E0013BD6E /* shareBtn.png */; };
		08923EAA14F1EF4E0013BD6E /* shareBtn@2x.png in Resources */ = {isa = PBXBuildFile; fileRef = 08923EA814F1EF4E0013BD6E /* shareBtn@2x.png */; };
		089610E516E5826E00EF96DE /* GraphNodeImageView.m in Sources */ = {isa = PBXBuildFile; fileRef = 089610E416E5826E00EF96DE /* GraphNodeImageView.m */; };
		0897EEFC14A6777E002C7820 /* favoriteBtn.png in Resources */ = {isa = PBXBuildFile; fileRef = 0897EEF614A6777E002C7820 /* favoriteBtn.png */; };
		0897EEFD14A6777E002C7820 /* favoriteBtn@2x.png in Resources */ = {isa = PBXBuildFile; fileRef = 0897EEF714A6777E002C7820 /* favoriteBtn@2x.png */; };
		0897EEFE14A6777E002C7820 /* favoriteBtnSelected.png in Resources */ = {isa = PBXBuildFile; fileRef = 0897EEF814A6777E002C7820 /* favoriteBtnSelected.png */; };
		0897EEFF14A6777E002C7820 /* favoriteBtnSelected@2x.png in Resources */ = {isa = PBXBuildFile; fileRef = 0897EEF914A6777E002C7820 /* favoriteBtnSelected@2x.png */; };
		089FAB8914A642FC008A47C3 /* PhotoDetailOverlayView.m in Sources */ = {isa = PBXBuildFile; fileRef = 089FAB8814A642FC008A47C3 /* PhotoDetailOverlayView.m */; };
		089FAB8C14A65F07008A47C3 /* flickrAccountIcon.png in Resources */ = {isa = PBXBuildFile; fileRef = 089FAB8A14A65F05008A47C3 /* flickrAccountIcon.png */; };
		089FAB8D14A65F07008A47C3 /* flickrAccountIcon@2x.png in Resources */ = {isa = PBXBuildFile; fileRef = 089FAB8B14A65F06008A47C3 /* flickrAccountIcon@2x.png */; };
		089FB68C1480ACD000190764 /* QuartzCore.framework in Frameworks */ = {isa = PBXBuildFile; fileRef = 089FB68B1480ACD000190764 /* QuartzCore.framework */; };
		08A19B8414A2D2FB00E49E58 /* settingsIcon.png in Resources */ = {isa = PBXBuildFile; fileRef = 08A19B8114A2D2FB00E49E58 /* settingsIcon.png */; };
		08A19B8514A2D2FB00E49E58 /* settingsIcon@2x.png in Resources */ = {isa = PBXBuildFile; fileRef = 08A19B8214A2D2FB00E49E58 /* settingsIcon@2x.png */; };
		08A19B8614A2D2FB00E49E58 /* tableCellIndicator@2x.png in Resources */ = {isa = PBXBuildFile; fileRef = 08A19B8314A2D2FB00E49E58 /* tableCellIndicator@2x.png */; };
		08A8D38414AF9283005FFAC4 /* warning.png in Resources */ = {isa = PBXBuildFile; fileRef = 08A8D38314AF9283005FFAC4 /* warning.png */; };
		08B118021584D00600E5032B /* fiveHundredPXAccountIcon.png in Resources */ = {isa = PBXBuildFile; fileRef = 08B118001584D00600E5032B /* fiveHundredPXAccountIcon.png */; };
		08B118031584D00600E5032B /* fiveHundredPXAccountIcon@2x.png in Resources */ = {isa = PBXBuildFile; fileRef = 08B118011584D00600E5032B /* fiveHundredPXAccountIcon@2x.png */; };
		08B5E63F16D7F09500D23B7F /* GraphNode.m in Sources */ = {isa = PBXBuildFile; fileRef = 08B5E63E16D7F09500D23B7F /* GraphNode.m */; };
		08B5E64216D7F0B100D23B7F /* GraphChildCategory.m in Sources */ = {isa = PBXBuildFile; fileRef = 08B5E64116D7F0B100D23B7F /* GraphChildCategory.m */; };
		08B6BF65149F833E002CD986 /* libObjectiveFlickr.a in Frameworks */ = {isa = PBXBuildFile; fileRef = 08B6BF64149F833E002CD986 /* libObjectiveFlickr.a */; };
		08B6BF67149F836B002CD986 /* CFNetwork.framework in Frameworks */ = {isa = PBXBuildFile; fileRef = 08B6BF66149F836B002CD986 /* CFNetwork.framework */; };
		08B6BF71149F83DD002CD986 /* OAuthProvider.m in Sources */ = {isa = PBXBuildFile; fileRef = 08B6BF6B149F83DD002CD986 /* OAuthProvider.m */; };
		08B6BF72149F83DD002CD986 /* OFUtilities.m in Sources */ = {isa = PBXBuildFile; fileRef = 08B6BF6D149F83DD002CD986 /* OFUtilities.m */; };
		08B6BF73149F83DD002CD986 /* OFXMLMapper.m in Sources */ = {isa = PBXBuildFile; fileRef = 08B6BF6F149F83DD002CD986 /* OFXMLMapper.m */; };
		08B6BF93149FB029002CD986 /* LFHTTPRequest.m in Sources */ = {isa = PBXBuildFile; fileRef = 08B6BF90149FB029002CD986 /* LFHTTPRequest.m */; };
		08B6BF94149FB029002CD986 /* LFSiteReachability.m in Sources */ = {isa = PBXBuildFile; fileRef = 08B6BF91149FB029002CD986 /* LFSiteReachability.m */; };
		08B6BF95149FB029002CD986 /* NSData+LFHTTPFormExtensions.m in Sources */ = {isa = PBXBuildFile; fileRef = 08B6BF92149FB029002CD986 /* NSData+LFHTTPFormExtensions.m */; };
		08B6BF97149FB1FE002CD986 /* SystemConfiguration.framework in Frameworks */ = {isa = PBXBuildFile; fileRef = 08B6BF96149FB1FE002CD986 /* SystemConfiguration.framework */; };
		08CE517314A23741004C1916 /* FancyTabbarController.m in Sources */ = {isa = PBXBuildFile; fileRef = 08CE517214A23740004C1916 /* FancyTabbarController.m */; };
		08CE517714A23763004C1916 /* FancyTabbar.m in Sources */ = {isa = PBXBuildFile; fileRef = 08CE517614A23763004C1916 /* FancyTabbar.m */; };
		08CE517A14A23ABA004C1916 /* FancyTabbarItem.m in Sources */ = {isa = PBXBuildFile; fileRef = 08CE517914A23ABA004C1916 /* FancyTabbarItem.m */; };
		08D885601544D9FD00410841 /* viewed.png in Resources */ = {isa = PBXBuildFile; fileRef = 08D8855E1544D9FD00410841 /* viewed.png */; };
		08D885611544D9FD00410841 /* viewed@2x.png in Resources */ = {isa = PBXBuildFile; fileRef = 08D8855F1544D9FD00410841 /* viewed@2x.png */; };
		08E71F3C148D773F00845199 /* Settings.bundle in Resources */ = {isa = PBXBuildFile; fileRef = 08E71F3B148D773F00845199 /* Settings.bundle */; };
		08F1528C1481316100CF7BD9 /* AppDelegate.m in Sources */ = {isa = PBXBuildFile; fileRef = 08F1522D1481316000CF7BD9 /* AppDelegate.m */; };
		08F1528D1481316100CF7BD9 /* Account.m in Sources */ = {isa = PBXBuildFile; fileRef = 08F152301481316000CF7BD9 /* Account.m */; };
		08F1528E1481316100CF7BD9 /* AccountManager.m in Sources */ = {isa = PBXBuildFile; fileRef = 08F152321481316000CF7BD9 /* AccountManager.m */; };
		08F1528F1481316100CF7BD9 /* ExploreImageProvider.m in Sources */ = {isa = PBXBuildFile; fileRef = 08F152341481316000CF7BD9 /* ExploreImageProvider.m */; };
		08F152901481316100CF7BD9 /* FlickrAccount.m in Sources */ = {isa = PBXBuildFile; fileRef = 08F152361481316000CF7BD9 /* FlickrAccount.m */; };
		08F152911481316100CF7BD9 /* PictureInfo.m in Sources */ = {isa = PBXBuildFile; fileRef = 08F152391481316000CF7BD9 /* PictureInfo.m */; };
		08F152921481316100CF7BD9 /* PictureInfoCollection.m in Sources */ = {isa = PBXBuildFile; fileRef = 08F1523B1481316000CF7BD9 /* PictureInfoCollection.m */; };
		08F152931481316100CF7BD9 /* ImageCachedDataProvider.m in Sources */ = {isa = PBXBuildFile; fileRef = 08F1523E1481316000CF7BD9 /* ImageCachedDataProvider.m */; };
		08F152941481316100CF7BD9 /* ImageDataProviderManager.m in Sources */ = {isa = PBXBuildFile; fileRef = 08F152401481316000CF7BD9 /* ImageDataProviderManager.m */; };
		08F152951481316100CF7BD9 /* ImageFlickrDataProvider.m in Sources */ = {isa = PBXBuildFile; fileRef = 08F152421481316000CF7BD9 /* ImageFlickrDataProvider.m */; };
		08F152961481316100CF7BD9 /* ImageInstagramDataProvider.m in Sources */ = {isa = PBXBuildFile; fileRef = 08F152441481316000CF7BD9 /* ImageInstagramDataProvider.m */; };
		08F152971481316100CF7BD9 /* RLWebserviceClient.m in Sources */ = {isa = PBXBuildFile; fileRef = 08F152461481316000CF7BD9 /* RLWebserviceClient.m */; };
		08F152981481316100CF7BD9 /* InfoPlist.strings in Resources */ = {isa = PBXBuildFile; fileRef = 08F152471481316000CF7BD9 /* InfoPlist.strings */; };
		08F152991481316100CF7BD9 /* main.m in Sources */ = {isa = PBXBuildFile; fileRef = 08F152491481316000CF7BD9 /* main.m */; };
		08F1529A1481316100CF7BD9 /* NetworkActivityIndicatorController.m in Sources */ = {isa = PBXBuildFile; fileRef = 08F1524B1481316000CF7BD9 /* NetworkActivityIndicatorController.m */; };
		08F1529B1481316100CF7BD9 /* photoRex-Info.plist in Resources */ = {isa = PBXBuildFile; fileRef = 08F1524C1481316000CF7BD9 /* photoRex-Info.plist */; };
		08F1529C1481316100CF7BD9 /* photoRexplore.xcdatamodeld in Sources */ = {isa = PBXBuildFile; fileRef = 08F1524E1481316000CF7BD9 /* photoRexplore.xcdatamodeld */; };
		08F1529D1481316100CF7BD9 /* __noimageFull@2x.png in Resources */ = {isa = PBXBuildFile; fileRef = 08F152511481316000CF7BD9 /* __noimageFull@2x.png */; };
		08F1529E1481316100CF7BD9 /* accountActive.png in Resources */ = {isa = PBXBuildFile; fileRef = 08F152521481316000CF7BD9 /* accountActive.png */; };
		08F1529F1481316100CF7BD9 /* accountInactive.png in Resources */ = {isa = PBXBuildFile; fileRef = 08F152531481316000CF7BD9 /* accountInactive.png */; };
		08F152A01481316100CF7BD9 /* flickrAccountTableCell.png in Resources */ = {isa = PBXBuildFile; fileRef = 08F152541481316000CF7BD9 /* flickrAccountTableCell.png */; };
		08F152A11481316100CF7BD9 /* flickrAccountTableCell@2x.png in Resources */ = {isa = PBXBuildFile; fileRef = 08F152551481316000CF7BD9 /* flickrAccountTableCell@2x.png */; };
		08F152A21481316100CF7BD9 /* flickrTableCell.psd in Resources */ = {isa = PBXBuildFile; fileRef = 08F152561481316000CF7BD9 /* flickrTableCell.psd */; };
		08F152A31481316100CF7BD9 /* googleTableCell.psd in Resources */ = {isa = PBXBuildFile; fileRef = 08F152571481316000CF7BD9 /* googleTableCell.psd */; };
		08F152A41481316100CF7BD9 /* Instagram-logo.png in Resources */ = {isa = PBXBuildFile; fileRef = 08F152581481316000CF7BD9 /* Instagram-logo.png */; };
		08F152A51481316100CF7BD9 /* instagramTableCell.png in Resources */ = {isa = PBXBuildFile; fileRef = 08F152591481316000CF7BD9 /* instagramTableCell.png */; };
		08F152A61481316100CF7BD9 /* InstagramTableCell.psd in Resources */ = {isa = PBXBuildFile; fileRef = 08F1525A1481316000CF7BD9 /* InstagramTableCell.psd */; };
		08F152A71481316100CF7BD9 /* instagramTableCell@2x.png in Resources */ = {isa = PBXBuildFile; fileRef = 08F1525B1481316000CF7BD9 /* instagramTableCell@2x.png */; };
		08F152A81481316100CF7BD9 /* noimage4x3.png in Resources */ = {isa = PBXBuildFile; fileRef = 08F1525C1481316000CF7BD9 /* noimage4x3.png */; };
		08F152A91481316100CF7BD9 /* noimage4x3@2x.png in Resources */ = {isa = PBXBuildFile; fileRef = 08F1525D1481316000CF7BD9 /* noimage4x3@2x.png */; };
		08F152AB1481316100CF7BD9 /* noimageLandscape568x320@2x.png in Resources */ = {isa = PBXBuildFile; fileRef = 08F1525F1481316100CF7BD9 /* noimageLandscape568x320@2x.png */; };
		08F152AC1481316100CF7BD9 /* splash-01@2x.png in Resources */ = {isa = PBXBuildFile; fileRef = 08F152601481316100CF7BD9 /* splash-01@2x.png */; };
		08F152B11481316100CF7BD9 /* ExploreNavigatorController.m in Sources */ = {isa = PBXBuildFile; fileRef = 08F152691481316100CF7BD9 /* ExploreNavigatorController.m */; };
		08F152B61481316100CF7BD9 /* ImageGridUIViewController.m in Sources */ = {isa = PBXBuildFile; fileRef = 08F152721481316100CF7BD9 /* ImageGridUIViewController.m */; };
		08F152B81481316100CF7BD9 /* ImageStatusOverlayView.m in Sources */ = {isa = PBXBuildFile; fileRef = 08F152751481316100CF7BD9 /* ImageStatusOverlayView.m */; };
		08F152B91481316100CF7BD9 /* InfinitePagedScrollView.m in Sources */ = {isa = PBXBuildFile; fileRef = 08F152771481316100CF7BD9 /* InfinitePagedScrollView.m */; };
		08F152BA1481316100CF7BD9 /* PagedNavigatorController.m in Sources */ = {isa = PBXBuildFile; fileRef = 08F152791481316100CF7BD9 /* PagedNavigatorController.m */; };
		08F152BB1481316100CF7BD9 /* PageIndicatorHUDView.m in Sources */ = {isa = PBXBuildFile; fileRef = 08F1527B1481316100CF7BD9 /* PageIndicatorHUDView.m */; };
		08F152BC1481316100CF7BD9 /* PhotoScrollView.m in Sources */ = {isa = PBXBuildFile; fileRef = 08F1527D1481316100CF7BD9 /* PhotoScrollView.m */; };
		08F152BD1481316100CF7BD9 /* PhotoViewController.m in Sources */ = {isa = PBXBuildFile; fileRef = 08F1527F1481316100CF7BD9 /* PhotoViewController.m */; };
		08F152BE1481316100CF7BD9 /* PhotoViewController.xib in Resources */ = {isa = PBXBuildFile; fileRef = 08F152801481316100CF7BD9 /* PhotoViewController.xib */; };
		08F152BF1481316100CF7BD9 /* TestViewController.m in Sources */ = {isa = PBXBuildFile; fileRef = 08F152821481316100CF7BD9 /* TestViewController.m */; };
		08F152C01481316100CF7BD9 /* TestViewController.xib in Resources */ = {isa = PBXBuildFile; fileRef = 08F152831481316100CF7BD9 /* TestViewController.xib */; };
		08F152C11481316100CF7BD9 /* UIImageButton.m in Sources */ = {isa = PBXBuildFile; fileRef = 08F152851481316100CF7BD9 /* UIImageButton.m */; };
		08F152C21481316100CF7BD9 /* UINetImageView.m in Sources */ = {isa = PBXBuildFile; fileRef = 08F152871481316100CF7BD9 /* UINetImageView.m */; };
		08F152C31481316100CF7BD9 /* UIVanillaView.m in Sources */ = {isa = PBXBuildFile; fileRef = 08F152891481316100CF7BD9 /* UIVanillaView.m */; };
		08F152C41481316100CF7BD9 /* UnavailableImageHandler.m in Sources */ = {isa = PBXBuildFile; fileRef = 08F1528B1481316100CF7BD9 /* UnavailableImageHandler.m */; };
		08F738FA14A0D4DE006987A3 /* GCDiscreetNotificationView.m in Sources */ = {isa = PBXBuildFile; fileRef = 08F738F914A0D4DE006987A3 /* GCDiscreetNotificationView.m */; };
		08F7390614A10E15006987A3 /* FiveHundredPXAccount.m in Sources */ = {isa = PBXBuildFile; fileRef = 08F7390514A10E14006987A3 /* FiveHundredPXAccount.m */; };
		08F7390914A1116E006987A3 /* ImageFiveHundredPXDataProvider.m in Sources */ = {isa = PBXBuildFile; fileRef = 08F7390814A1116D006987A3 /* ImageFiveHundredPXDataProvider.m */; };
/* End PBXBuildFile section */

/* Begin PBXFileReference section */
		081422EC16E139910068C955 /* noimageLandscape480x320.png */ = {isa = PBXFileReference; lastKnownFileType = image.png; path = noimageLandscape480x320.png; sourceTree = "<group>"; };
		081422ED16E139910068C955 /* noimageLandscape480x320@2x.png */ = {isa = PBXFileReference; lastKnownFileType = image.png; path = "noimageLandscape480x320@2x.png"; sourceTree = "<group>"; };
		081422EE16E139910068C955 /* noimageLandscape1024x768.png */ = {isa = PBXFileReference; lastKnownFileType = image.png; path = noimageLandscape1024x768.png; sourceTree = "<group>"; };
		0818B443154E290800B54DB8 /* fiveHundredPXAccountTableCell.png */ = {isa = PBXFileReference; lastKnownFileType = image.png; path = fiveHundredPXAccountTableCell.png; sourceTree = "<group>"; };
		0818B444154E290800B54DB8 /* fiveHundredPXAccountTableCell@2x.png */ = {isa = PBXFileReference; lastKnownFileType = image.png; path = "fiveHundredPXAccountTableCell@2x.png"; sourceTree = "<group>"; };
		0818B44A154E2B7D00B54DB8 /* fiveHundredPXAccountUIViewController.h */ = {isa = PBXFileReference; fileEncoding = 4; lastKnownFileType = sourcecode.c.h; name = fiveHundredPXAccountUIViewController.h; path = "PhotoReX/UI tier/fiveHundredPXAccountUIViewController.h"; sourceTree = SOURCE_ROOT; };
		0818B44B154E2B7D00B54DB8 /* fiveHundredPXAccountUIViewController.m */ = {isa = PBXFileReference; fileEncoding = 4; lastKnownFileType = sourcecode.c.objc; name = fiveHundredPXAccountUIViewController.m; path = "PhotoReX/UI tier/fiveHundredPXAccountUIViewController.m"; sourceTree = SOURCE_ROOT; };
		0818B44C154E2B7D00B54DB8 /* fiveHundredPXAccountUIViewController.xib */ = {isa = PBXFileReference; fileEncoding = 4; lastKnownFileType = file.xib; name = fiveHundredPXAccountUIViewController.xib; path = "PhotoReX/UI tier/fiveHundredPXAccountUIViewController.xib"; sourceTree = SOURCE_ROOT; };
		081BDF7816DAB12700B4DFD9 /* splash-02-568x320@2x.png */ = {isa = PBXFileReference; lastKnownFileType = image.png; path = "splash-02-568x320@2x.png"; sourceTree = "<group>"; };
		081BDF7916DAB12700B4DFD9 /* splash-02-1024x768.png */ = {isa = PBXFileReference; lastKnownFileType = image.png; path = "splash-02-1024x768.png"; sourceTree = "<group>"; };
		081BDF7C16DAB37600B4DFD9 /* splash-02-568h@2x.png */ = {isa = PBXFileReference; lastKnownFileType = image.png; path = "splash-02-568h@2x.png"; sourceTree = "<group>"; };
		081BDF7E16DAB41500B4DFD9 /* splash-02-Portrait~ipad.png */ = {isa = PBXFileReference; lastKnownFileType = image.png; path = "splash-02-Portrait~ipad.png"; sourceTree = "<group>"; };
		08321ABD16E4271800665F32 /* GraphWalkUIViewController.h */ = {isa = PBXFileReference; fileEncoding = 4; lastKnownFileType = sourcecode.c.h; path = GraphWalkUIViewController.h; sourceTree = "<group>"; };
		08321ABE16E4271800665F32 /* GraphWalkUIViewController.m */ = {isa = PBXFileReference; fileEncoding = 4; lastKnownFileType = sourcecode.c.objc; path = GraphWalkUIViewController.m; sourceTree = "<group>"; };
		08321ABF16E4271800665F32 /* GraphWalkUIViewController.xib */ = {isa = PBXFileReference; fileEncoding = 4; lastKnownFileType = file.xib; path = GraphWalkUIViewController.xib; sourceTree = "<group>"; };
		08321AC216E43F8300665F32 /* GraphWalkView.h */ = {isa = PBXFileReference; fileEncoding = 4; lastKnownFileType = sourcecode.c.h; path = GraphWalkView.h; sourceTree = "<group>"; };
		08321AC316E43F8300665F32 /* GraphWalkView.m */ = {isa = PBXFileReference; fileEncoding = 4; lastKnownFileType = sourcecode.c.objc; path = GraphWalkView.m; sourceTree = "<group>"; };
		08328BA116E8A4DD00FBE632 /* zara.jpg */ = {isa = PBXFileReference; lastKnownFileType = image.jpeg; path = zara.jpg; sourceTree = "<group>"; };
		083915B614617577005C42D8 /* photoRex.app */ = {isa = PBXFileReference; explicitFileType = wrapper.application; includeInIndex = 0; path = photoRex.app; sourceTree = BUILT_PRODUCTS_DIR; };
		083915BA14617577005C42D8 /* UIKit.framework */ = {isa = PBXFileReference; lastKnownFileType = wrapper.framework; name = UIKit.framework; path = System/Library/Frameworks/UIKit.framework; sourceTree = SDKROOT; };
		083915BC14617577005C42D8 /* Foundation.framework */ = {isa = PBXFileReference; lastKnownFileType = wrapper.framework; name = Foundation.framework; path = System/Library/Frameworks/Foundation.framework; sourceTree = SDKROOT; };
		083915BE14617577005C42D8 /* CoreGraphics.framework */ = {isa = PBXFileReference; lastKnownFileType = wrapper.framework; name = CoreGraphics.framework; path = System/Library/Frameworks/CoreGraphics.framework; sourceTree = SDKROOT; };
		083915C014617577005C42D8 /* CoreData.framework */ = {isa = PBXFileReference; lastKnownFileType = wrapper.framework; name = CoreData.framework; path = System/Library/Frameworks/CoreData.framework; sourceTree = SDKROOT; };
		0839161314619A89005C42D8 /* JSON.h */ = {isa = PBXFileReference; fileEncoding = 4; lastKnownFileType = sourcecode.c.h; path = JSON.h; sourceTree = "<group>"; };
		0839161414619A89005C42D8 /* NSObject+SBJson.h */ = {isa = PBXFileReference; fileEncoding = 4; lastKnownFileType = sourcecode.c.h; path = "NSObject+SBJson.h"; sourceTree = "<group>"; };
		0839161514619A89005C42D8 /* NSObject+SBJson.m */ = {isa = PBXFileReference; fileEncoding = 4; lastKnownFileType = sourcecode.c.objc; path = "NSObject+SBJson.m"; sourceTree = "<group>"; };
		0839161614619A89005C42D8 /* NSString+SBJSON.h */ = {isa = PBXFileReference; fileEncoding = 4; lastKnownFileType = sourcecode.c.h; path = "NSString+SBJSON.h"; sourceTree = "<group>"; };
		0839161714619A89005C42D8 /* NSString+SBJSON.m */ = {isa = PBXFileReference; fileEncoding = 4; lastKnownFileType = sourcecode.c.objc; path = "NSString+SBJSON.m"; sourceTree = "<group>"; };
		0839161814619A89005C42D8 /* SBJson.h */ = {isa = PBXFileReference; fileEncoding = 4; lastKnownFileType = sourcecode.c.h; path = SBJson.h; sourceTree = "<group>"; };
		0839161914619A89005C42D8 /* SBJsonParser.h */ = {isa = PBXFileReference; fileEncoding = 4; lastKnownFileType = sourcecode.c.h; path = SBJsonParser.h; sourceTree = "<group>"; };
		0839161A14619A89005C42D8 /* SBJsonParser.m */ = {isa = PBXFileReference; fileEncoding = 4; lastKnownFileType = sourcecode.c.objc; path = SBJsonParser.m; sourceTree = "<group>"; };
		0839161B14619A89005C42D8 /* SBJsonStreamParser.h */ = {isa = PBXFileReference; fileEncoding = 4; lastKnownFileType = sourcecode.c.h; path = SBJsonStreamParser.h; sourceTree = "<group>"; };
		0839161C14619A89005C42D8 /* SBJsonStreamParser.m */ = {isa = PBXFileReference; fileEncoding = 4; lastKnownFileType = sourcecode.c.objc; path = SBJsonStreamParser.m; sourceTree = "<group>"; };
		0839161D14619A89005C42D8 /* SBJsonStreamParserAccumulator.h */ = {isa = PBXFileReference; fileEncoding = 4; lastKnownFileType = sourcecode.c.h; path = SBJsonStreamParserAccumulator.h; sourceTree = "<group>"; };
		0839161E14619A89005C42D8 /* SBJsonStreamParserAccumulator.m */ = {isa = PBXFileReference; fileEncoding = 4; lastKnownFileType = sourcecode.c.objc; path = SBJsonStreamParserAccumulator.m; sourceTree = "<group>"; };
		0839161F14619A89005C42D8 /* SBJsonStreamParserAdapter.h */ = {isa = PBXFileReference; fileEncoding = 4; lastKnownFileType = sourcecode.c.h; path = SBJsonStreamParserAdapter.h; sourceTree = "<group>"; };
		0839162014619A89005C42D8 /* SBJsonStreamParserAdapter.m */ = {isa = PBXFileReference; fileEncoding = 4; lastKnownFileType = sourcecode.c.objc; path = SBJsonStreamParserAdapter.m; sourceTree = "<group>"; };
		0839162114619A89005C42D8 /* SBJsonStreamParserState.h */ = {isa = PBXFileReference; fileEncoding = 4; lastKnownFileType = sourcecode.c.h; path = SBJsonStreamParserState.h; sourceTree = "<group>"; };
		0839162214619A89005C42D8 /* SBJsonStreamParserState.m */ = {isa = PBXFileReference; fileEncoding = 4; lastKnownFileType = sourcecode.c.objc; path = SBJsonStreamParserState.m; sourceTree = "<group>"; };
		0839162314619A89005C42D8 /* SBJsonStreamWriter.h */ = {isa = PBXFileReference; fileEncoding = 4; lastKnownFileType = sourcecode.c.h; path = SBJsonStreamWriter.h; sourceTree = "<group>"; };
		0839162414619A89005C42D8 /* SBJsonStreamWriter.m */ = {isa = PBXFileReference; fileEncoding = 4; lastKnownFileType = sourcecode.c.objc; path = SBJsonStreamWriter.m; sourceTree = "<group>"; };
		0839162514619A89005C42D8 /* SBJsonStreamWriterAccumulator.h */ = {isa = PBXFileReference; fileEncoding = 4; lastKnownFileType = sourcecode.c.h; path = SBJsonStreamWriterAccumulator.h; sourceTree = "<group>"; };
		0839162614619A89005C42D8 /* SBJsonStreamWriterAccumulator.m */ = {isa = PBXFileReference; fileEncoding = 4; lastKnownFileType = sourcecode.c.objc; path = SBJsonStreamWriterAccumulator.m; sourceTree = "<group>"; };
		0839162714619A89005C42D8 /* SBJsonStreamWriterState.h */ = {isa = PBXFileReference; fileEncoding = 4; lastKnownFileType = sourcecode.c.h; path = SBJsonStreamWriterState.h; sourceTree = "<group>"; };
		0839162814619A89005C42D8 /* SBJsonStreamWriterState.m */ = {isa = PBXFileReference; fileEncoding = 4; lastKnownFileType = sourcecode.c.objc; path = SBJsonStreamWriterState.m; sourceTree = "<group>"; };
		0839162914619A89005C42D8 /* SBJsonTokeniser.h */ = {isa = PBXFileReference; fileEncoding = 4; lastKnownFileType = sourcecode.c.h; path = SBJsonTokeniser.h; sourceTree = "<group>"; };
		0839162A14619A89005C42D8 /* SBJsonTokeniser.m */ = {isa = PBXFileReference; fileEncoding = 4; lastKnownFileType = sourcecode.c.objc; path = SBJsonTokeniser.m; sourceTree = "<group>"; };
		0839162B14619A89005C42D8 /* SBJsonUTF8Stream.h */ = {isa = PBXFileReference; fileEncoding = 4; lastKnownFileType = sourcecode.c.h; path = SBJsonUTF8Stream.h; sourceTree = "<group>"; };
		0839162C14619A89005C42D8 /* SBJsonUTF8Stream.m */ = {isa = PBXFileReference; fileEncoding = 4; lastKnownFileType = sourcecode.c.objc; path = SBJsonUTF8Stream.m; sourceTree = "<group>"; };
		0839162D14619A89005C42D8 /* SBJsonWriter.h */ = {isa = PBXFileReference; fileEncoding = 4; lastKnownFileType = sourcecode.c.h; path = SBJsonWriter.h; sourceTree = "<group>"; };
		0839162E14619A89005C42D8 /* SBJsonWriter.m */ = {isa = PBXFileReference; fileEncoding = 4; lastKnownFileType = sourcecode.c.objc; path = SBJsonWriter.m; sourceTree = "<group>"; };
		0839DBBA149CDAF900043178 /* tableCellIndicator.png */ = {isa = PBXFileReference; lastKnownFileType = image.png; path = tableCellIndicator.png; sourceTree = "<group>"; };
		0839DBC0149D08E200043178 /* AccountSettings.plist */ = {isa = PBXFileReference; fileEncoding = 4; lastKnownFileType = text.plist.xml; path = AccountSettings.plist; sourceTree = "<group>"; };
		0839DBC2149D459D00043178 /* defaultIconImage.png */ = {isa = PBXFileReference; lastKnownFileType = image.png; path = defaultIconImage.png; sourceTree = "<group>"; };
		0860C4251544DE4A003A7234 /* icon.png */ = {isa = PBXFileReference; lastKnownFileType = image.png; path = icon.png; sourceTree = "<group>"; };
		0860C4261544DE4A003A7234 /* icon@2x.png */ = {isa = PBXFileReference; lastKnownFileType = image.png; path = "icon@2x.png"; sourceTree = "<group>"; };
		0860C42A1544E1B9003A7234 /* icon-ipad.png */ = {isa = PBXFileReference; lastKnownFileType = image.png; path = "icon-ipad.png"; sourceTree = "<group>"; };
		0860C42B1544E1B9003A7234 /* icon-ipad@2x.png */ = {isa = PBXFileReference; lastKnownFileType = image.png; path = "icon-ipad@2x.png"; sourceTree = "<group>"; };
		0860C42C1544E1B9003A7234 /* icon-search.png */ = {isa = PBXFileReference; lastKnownFileType = image.png; path = "icon-search.png"; sourceTree = "<group>"; };
		0860C42D1544E1B9003A7234 /* icon-search@2x.png */ = {isa = PBXFileReference; lastKnownFileType = image.png; path = "icon-search@2x.png"; sourceTree = "<group>"; };
		0865E9DE168FA10E00A4B4BD /* UIImageView+LBBlurredImage.h */ = {isa = PBXFileReference; fileEncoding = 4; lastKnownFileType = sourcecode.c.h; path = "UIImageView+LBBlurredImage.h"; sourceTree = "<group>"; };
		0865E9DF168FA10E00A4B4BD /* UIImageView+LBBlurredImage.m */ = {isa = PBXFileReference; fileEncoding = 4; lastKnownFileType = sourcecode.c.objc; path = "UIImageView+LBBlurredImage.m"; sourceTree = "<group>"; };
		08837DD9158FA6250008F936 /* CoreImage.framework */ = {isa = PBXFileReference; lastKnownFileType = wrapper.framework; name = CoreImage.framework; path = System/Library/Frameworks/CoreImage.framework; sourceTree = SDKROOT; };
		08837DDC159018D00008F936 /* ErrorViewController.h */ = {isa = PBXFileReference; fileEncoding = 4; lastKnownFileType = sourcecode.c.h; path = ErrorViewController.h; sourceTree = "<group>"; };
		08837DDD159018D00008F936 /* ErrorViewController.m */ = {isa = PBXFileReference; fileEncoding = 4; lastKnownFileType = sourcecode.c.objc; path = ErrorViewController.m; sourceTree = "<group>"; };
		08837DDE159018D00008F936 /* ErrorViewController.xib */ = {isa = PBXFileReference; fileEncoding = 4; lastKnownFileType = file.xib; path = ErrorViewController.xib; sourceTree = "<group>"; };
		08837DE1159251BC0008F936 /* NSError+Util.h */ = {isa = PBXFileReference; fileEncoding = 4; lastKnownFileType = sourcecode.c.h; path = "NSError+Util.h"; sourceTree = "<group>"; };
		08837DE2159251BC0008F936 /* NSError+Util.m */ = {isa = PBXFileReference; fileEncoding = 4; lastKnownFileType = sourcecode.c.objc; path = "NSError+Util.m"; sourceTree = "<group>"; };
		08837DE9159288A20008F936 /* bg-yellow.png */ = {isa = PBXFileReference; lastKnownFileType = image.png; path = "bg-yellow.png"; sourceTree = "<group>"; };
		08837DEA159288A20008F936 /* bg-yellow@2x.png */ = {isa = PBXFileReference; lastKnownFileType = image.png; path = "bg-yellow@2x.png"; sourceTree = "<group>"; };
		08837DEB159288A20008F936 /* YRDropdownView.h */ = {isa = PBXFileReference; fileEncoding = 4; lastKnownFileType = sourcecode.c.h; path = YRDropdownView.h; sourceTree = "<group>"; };
		08837DEC159288A20008F936 /* YRDropdownView.m */ = {isa = PBXFileReference; fileEncoding = 4; lastKnownFileType = sourcecode.c.objc; path = YRDropdownView.m; sourceTree = "<group>"; };
		08837DFC1593757B0008F936 /* MessageUI.framework */ = {isa = PBXFileReference; lastKnownFileType = wrapper.framework; name = MessageUI.framework; path = System/Library/Frameworks/MessageUI.framework; sourceTree = SDKROOT; };
		08837DFE1593B9B50008F936 /* dropdown-alert.png */ = {isa = PBXFileReference; lastKnownFileType = image.png; path = "dropdown-alert.png"; sourceTree = "<group>"; };
		08837DFF1593B9B50008F936 /* dropdown-alert@2x.png */ = {isa = PBXFileReference; lastKnownFileType = image.png; path = "dropdown-alert@2x.png"; sourceTree = "<group>"; };
		0886EE6214FAC3E00045C6C1 /* AccountsUIViewController.h */ = {isa = PBXFileReference; fileEncoding = 4; lastKnownFileType = sourcecode.c.h; name = AccountsUIViewController.h; path = "PhotoReX/UI tier/AccountsUIViewController.h"; sourceTree = SOURCE_ROOT; };
		0886EE6314FAC3E00045C6C1 /* AccountsUIViewController.m */ = {isa = PBXFileReference; fileEncoding = 4; lastKnownFileType = sourcecode.c.objc; name = AccountsUIViewController.m; path = "PhotoReX/UI tier/AccountsUIViewController.m"; sourceTree = SOURCE_ROOT; };
		0886EE6414FAC3E00045C6C1 /* AccountsUIViewController.xib */ = {isa = PBXFileReference; fileEncoding = 4; lastKnownFileType = file.xib; name = AccountsUIViewController.xib; path = "PhotoReX/UI tier/AccountsUIViewController.xib"; sourceTree = SOURCE_ROOT; };
		0886EE6514FAC3E00045C6C1 /* AccountTableViewCell.h */ = {isa = PBXFileReference; fileEncoding = 4; lastKnownFileType = sourcecode.c.h; name = AccountTableViewCell.h; path = "PhotoReX/UI tier/AccountTableViewCell.h"; sourceTree = SOURCE_ROOT; };
		0886EE6614FAC3E00045C6C1 /* AccountTableViewCell.m */ = {isa = PBXFileReference; fileEncoding = 4; lastKnownFileType = sourcecode.c.objc; name = AccountTableViewCell.m; path = "PhotoReX/UI tier/AccountTableViewCell.m"; sourceTree = SOURCE_ROOT; };
		0886EE6A14FAC40F0045C6C1 /* FlickrAccountUIViewController.h */ = {isa = PBXFileReference; fileEncoding = 4; lastKnownFileType = sourcecode.c.h; name = FlickrAccountUIViewController.h; path = "PhotoReX/UI tier/FlickrAccountUIViewController.h"; sourceTree = SOURCE_ROOT; };
		0886EE6B14FAC40F0045C6C1 /* FlickrAccountUIViewController.m */ = {isa = PBXFileReference; fileEncoding = 4; lastKnownFileType = sourcecode.c.objc; name = FlickrAccountUIViewController.m; path = "PhotoReX/UI tier/FlickrAccountUIViewController.m"; sourceTree = SOURCE_ROOT; };
		0886EE6C14FAC40F0045C6C1 /* FlickrAccountUIViewController.xib */ = {isa = PBXFileReference; fileEncoding = 4; lastKnownFileType = file.xib; name = FlickrAccountUIViewController.xib; path = "PhotoReX/UI tier/FlickrAccountUIViewController.xib"; sourceTree = SOURCE_ROOT; };
		088B2F081487BDF0005C785E /* ImageStatusOverlayView.h */ = {isa = PBXFileReference; fileEncoding = 4; lastKnownFileType = sourcecode.c.h; path = ImageStatusOverlayView.h; sourceTree = "<group>"; };
		08917D9714F1FDA700F4C795 /* rotatePhone.png */ = {isa = PBXFileReference; lastKnownFileType = image.png; path = rotatePhone.png; sourceTree = "<group>"; };
		08917D9814F1FDA700F4C795 /* rotatePhone@2x.png */ = {isa = PBXFileReference; lastKnownFileType = image.png; path = "rotatePhone@2x.png"; sourceTree = "<group>"; };
		08917D9914F1FDA700F4C795 /* rotateToLandscape.png */ = {isa = PBXFileReference; lastKnownFileType = image.png; path = rotateToLandscape.png; sourceTree = "<group>"; };
		08917D9A14F1FDA700F4C795 /* rotateToLandscape@2x.png */ = {isa = PBXFileReference; lastKnownFileType = image.png; path = "rotateToLandscape@2x.png"; sourceTree = "<group>"; };
		08917D9B14F1FDA700F4C795 /* rotateToPortrait.png */ = {isa = PBXFileReference; lastKnownFileType = image.png; path = rotateToPortrait.png; sourceTree = "<group>"; };
		08917D9C14F1FDA700F4C795 /* rotateToPortrait@2x.png */ = {isa = PBXFileReference; lastKnownFileType = image.png; path = "rotateToPortrait@2x.png"; sourceTree = "<group>"; };
		08917DA314F1FEA000F4C795 /* comments.png */ = {isa = PBXFileReference; lastKnownFileType = image.png; path = comments.png; sourceTree = "<group>"; };
		08917DA414F1FEA000F4C795 /* comments@2x.png */ = {isa = PBXFileReference; lastKnownFileType = image.png; path = "comments@2x.png"; sourceTree = "<group>"; };
		08923EA714F1EF4E0013BD6E /* shareBtn.png */ = {isa = PBXFileReference; lastKnownFileType = image.png; path = shareBtn.png; sourceTree = "<group>"; };
		08923EA814F1EF4E0013BD6E /* shareBtn@2x.png */ = {isa = PBXFileReference; lastKnownFileType = image.png; path = "shareBtn@2x.png"; sourceTree = "<group>"; };
		089610E316E5826E00EF96DE /* GraphNodeImageView.h */ = {isa = PBXFileReference; fileEncoding = 4; lastKnownFileType = sourcecode.c.h; path = GraphNodeImageView.h; sourceTree = "<group>"; };
		089610E416E5826E00EF96DE /* GraphNodeImageView.m */ = {isa = PBXFileReference; fileEncoding = 4; lastKnownFileType = sourcecode.c.objc; path = GraphNodeImageView.m; sourceTree = "<group>"; };
		0897EEF614A6777E002C7820 /* favoriteBtn.png */ = {isa = PBXFileReference; lastKnownFileType = image.png; path = favoriteBtn.png; sourceTree = "<group>"; };
		0897EEF714A6777E002C7820 /* favoriteBtn@2x.png */ = {isa = PBXFileReference; lastKnownFileType = image.png; path = "favoriteBtn@2x.png"; sourceTree = "<group>"; };
		0897EEF814A6777E002C7820 /* favoriteBtnSelected.png */ = {isa = PBXFileReference; lastKnownFileType = image.png; path = favoriteBtnSelected.png; sourceTree = "<group>"; };
		0897EEF914A6777E002C7820 /* favoriteBtnSelected@2x.png */ = {isa = PBXFileReference; lastKnownFileType = image.png; path = "favoriteBtnSelected@2x.png"; sourceTree = "<group>"; };
		089FAB8714A642FC008A47C3 /* PhotoDetailOverlayView.h */ = {isa = PBXFileReference; fileEncoding = 4; lastKnownFileType = sourcecode.c.h; path = PhotoDetailOverlayView.h; sourceTree = "<group>"; };
		089FAB8814A642FC008A47C3 /* PhotoDetailOverlayView.m */ = {isa = PBXFileReference; fileEncoding = 4; lastKnownFileType = sourcecode.c.objc; path = PhotoDetailOverlayView.m; sourceTree = "<group>"; };
		089FAB8A14A65F05008A47C3 /* flickrAccountIcon.png */ = {isa = PBXFileReference; lastKnownFileType = image.png; path = flickrAccountIcon.png; sourceTree = "<group>"; };
		089FAB8B14A65F06008A47C3 /* flickrAccountIcon@2x.png */ = {isa = PBXFileReference; lastKnownFileType = image.png; path = "flickrAccountIcon@2x.png"; sourceTree = "<group>"; };
		089FB68B1480ACD000190764 /* QuartzCore.framework */ = {isa = PBXFileReference; lastKnownFileType = wrapper.framework; name = QuartzCore.framework; path = System/Library/Frameworks/QuartzCore.framework; sourceTree = SDKROOT; };
		08A19B8114A2D2FB00E49E58 /* settingsIcon.png */ = {isa = PBXFileReference; lastKnownFileType = image.png; path = settingsIcon.png; sourceTree = "<group>"; };
		08A19B8214A2D2FB00E49E58 /* settingsIcon@2x.png */ = {isa = PBXFileReference; lastKnownFileType = image.png; path = "settingsIcon@2x.png"; sourceTree = "<group>"; };
		08A19B8314A2D2FB00E49E58 /* tableCellIndicator@2x.png */ = {isa = PBXFileReference; lastKnownFileType = image.png; path = "tableCellIndicator@2x.png"; sourceTree = "<group>"; };
		08A8D38314AF9283005FFAC4 /* warning.png */ = {isa = PBXFileReference; lastKnownFileType = image.png; path = warning.png; sourceTree = "<group>"; };
		08B118001584D00600E5032B /* fiveHundredPXAccountIcon.png */ = {isa = PBXFileReference; lastKnownFileType = image.png; path = fiveHundredPXAccountIcon.png; sourceTree = "<group>"; };
		08B118011584D00600E5032B /* fiveHundredPXAccountIcon@2x.png */ = {isa = PBXFileReference; lastKnownFileType = image.png; path = "fiveHundredPXAccountIcon@2x.png"; sourceTree = "<group>"; };
		08B5E63D16D7F09500D23B7F /* GraphNode.h */ = {isa = PBXFileReference; fileEncoding = 4; lastKnownFileType = sourcecode.c.h; name = GraphNode.h; path = "../Core tier/GraphNode.h"; sourceTree = "<group>"; };
		08B5E63E16D7F09500D23B7F /* GraphNode.m */ = {isa = PBXFileReference; fileEncoding = 4; lastKnownFileType = sourcecode.c.objc; name = GraphNode.m; path = "../Core tier/GraphNode.m"; sourceTree = "<group>"; };
		08B5E64016D7F0B100D23B7F /* GraphChildCategory.h */ = {isa = PBXFileReference; fileEncoding = 4; lastKnownFileType = sourcecode.c.h; name = GraphChildCategory.h; path = "../Core tier/GraphChildCategory.h"; sourceTree = "<group>"; };
		08B5E64116D7F0B100D23B7F /* GraphChildCategory.m */ = {isa = PBXFileReference; fileEncoding = 4; lastKnownFileType = sourcecode.c.objc; name = GraphChildCategory.m; path = "../Core tier/GraphChildCategory.m"; sourceTree = "<group>"; };
		08B6BF64149F833E002CD986 /* libObjectiveFlickr.a */ = {isa = PBXFileReference; lastKnownFileType = archive.ar; name = libObjectiveFlickr.a; path = libs/objectiveFlickr/libObjectiveFlickr.a; sourceTree = "<group>"; };
		08B6BF66149F836B002CD986 /* CFNetwork.framework */ = {isa = PBXFileReference; lastKnownFileType = wrapper.framework; name = CFNetwork.framework; path = System/Library/Frameworks/CFNetwork.framework; sourceTree = SDKROOT; };
		08B6BF6A149F83DD002CD986 /* OAuthProvider.h */ = {isa = PBXFileReference; fileEncoding = 4; lastKnownFileType = sourcecode.c.h; path = OAuthProvider.h; sourceTree = "<group>"; };
		08B6BF6B149F83DD002CD986 /* OAuthProvider.m */ = {isa = PBXFileReference; fileEncoding = 4; lastKnownFileType = sourcecode.c.objc; path = OAuthProvider.m; sourceTree = "<group>"; };
		08B6BF6C149F83DD002CD986 /* OFUtilities.h */ = {isa = PBXFileReference; fileEncoding = 4; lastKnownFileType = sourcecode.c.h; path = OFUtilities.h; sourceTree = "<group>"; };
		08B6BF6D149F83DD002CD986 /* OFUtilities.m */ = {isa = PBXFileReference; fileEncoding = 4; lastKnownFileType = sourcecode.c.objc; path = OFUtilities.m; sourceTree = "<group>"; };
		08B6BF6E149F83DD002CD986 /* OFXMLMapper.h */ = {isa = PBXFileReference; fileEncoding = 4; lastKnownFileType = sourcecode.c.h; path = OFXMLMapper.h; sourceTree = "<group>"; };
		08B6BF6F149F83DD002CD986 /* OFXMLMapper.m */ = {isa = PBXFileReference; fileEncoding = 4; lastKnownFileType = sourcecode.c.objc; path = OFXMLMapper.m; sourceTree = "<group>"; };
		08B6BF89149FAEFA002CD986 /* LFHTTPRequest.h */ = {isa = PBXFileReference; fileEncoding = 4; lastKnownFileType = sourcecode.c.h; path = LFHTTPRequest.h; sourceTree = "<group>"; };
		08B6BF8A149FAEFA002CD986 /* LFWebAPIKit.h */ = {isa = PBXFileReference; fileEncoding = 4; lastKnownFileType = sourcecode.c.h; path = LFWebAPIKit.h; sourceTree = "<group>"; };
		08B6BF8B149FAEFA002CD986 /* NSData+LFHTTPFormExtensions.h */ = {isa = PBXFileReference; fileEncoding = 4; lastKnownFileType = sourcecode.c.h; path = "NSData+LFHTTPFormExtensions.h"; sourceTree = "<group>"; };
		08B6BF8C149FAF19002CD986 /* LFSiteReachability.h */ = {isa = PBXFileReference; fileEncoding = 4; lastKnownFileType = sourcecode.c.h; path = LFSiteReachability.h; sourceTree = "<group>"; };
		08B6BF90149FB029002CD986 /* LFHTTPRequest.m */ = {isa = PBXFileReference; fileEncoding = 4; lastKnownFileType = sourcecode.c.objc; path = LFHTTPRequest.m; sourceTree = "<group>"; };
		08B6BF91149FB029002CD986 /* LFSiteReachability.m */ = {isa = PBXFileReference; fileEncoding = 4; lastKnownFileType = sourcecode.c.objc; path = LFSiteReachability.m; sourceTree = "<group>"; };
		08B6BF92149FB029002CD986 /* NSData+LFHTTPFormExtensions.m */ = {isa = PBXFileReference; fileEncoding = 4; lastKnownFileType = sourcecode.c.objc; path = "NSData+LFHTTPFormExtensions.m"; sourceTree = "<group>"; };
		08B6BF96149FB1FE002CD986 /* SystemConfiguration.framework */ = {isa = PBXFileReference; lastKnownFileType = wrapper.framework; name = SystemConfiguration.framework; path = System/Library/Frameworks/SystemConfiguration.framework; sourceTree = SDKROOT; };
		08CE517114A23740004C1916 /* FancyTabbarController.h */ = {isa = PBXFileReference; fileEncoding = 4; lastKnownFileType = sourcecode.c.h; path = FancyTabbarController.h; sourceTree = "<group>"; };
		08CE517214A23740004C1916 /* FancyTabbarController.m */ = {isa = PBXFileReference; fileEncoding = 4; lastKnownFileType = sourcecode.c.objc; path = FancyTabbarController.m; sourceTree = "<group>"; };
		08CE517514A23763004C1916 /* FancyTabbar.h */ = {isa = PBXFileReference; fileEncoding = 4; lastKnownFileType = sourcecode.c.h; path = FancyTabbar.h; sourceTree = "<group>"; };
		08CE517614A23763004C1916 /* FancyTabbar.m */ = {isa = PBXFileReference; fileEncoding = 4; lastKnownFileType = sourcecode.c.objc; path = FancyTabbar.m; sourceTree = "<group>"; };
		08CE517814A23AB9004C1916 /* FancyTabbarItem.h */ = {isa = PBXFileReference; fileEncoding = 4; lastKnownFileType = sourcecode.c.h; path = FancyTabbarItem.h; sourceTree = "<group>"; };
		08CE517914A23ABA004C1916 /* FancyTabbarItem.m */ = {isa = PBXFileReference; fileEncoding = 4; lastKnownFileType = sourcecode.c.objc; path = FancyTabbarItem.m; sourceTree = "<group>"; };
		08D8855E1544D9FD00410841 /* viewed.png */ = {isa = PBXFileReference; lastKnownFileType = image.png; path = viewed.png; sourceTree = "<group>"; };
		08D8855F1544D9FD00410841 /* viewed@2x.png */ = {isa = PBXFileReference; lastKnownFileType = image.png; path = "viewed@2x.png"; sourceTree = "<group>"; };
		08E71F3B148D773F00845199 /* Settings.bundle */ = {isa = PBXFileReference; lastKnownFileType = "wrapper.plug-in"; path = Settings.bundle; sourceTree = "<group>"; };
		08F1522C1481316000CF7BD9 /* AppDelegate.h */ = {isa = PBXFileReference; fileEncoding = 4; lastKnownFileType = sourcecode.c.h; path = AppDelegate.h; sourceTree = "<group>"; };
		08F1522D1481316000CF7BD9 /* AppDelegate.m */ = {isa = PBXFileReference; fileEncoding = 4; lastKnownFileType = sourcecode.c.objc; path = AppDelegate.m; sourceTree = "<group>"; };
		08F1522F1481316000CF7BD9 /* Account.h */ = {isa = PBXFileReference; fileEncoding = 4; lastKnownFileType = sourcecode.c.h; path = Account.h; sourceTree = "<group>"; };
		08F152301481316000CF7BD9 /* Account.m */ = {isa = PBXFileReference; fileEncoding = 4; lastKnownFileType = sourcecode.c.objc; path = Account.m; sourceTree = "<group>"; };
		08F152311481316000CF7BD9 /* AccountManager.h */ = {isa = PBXFileReference; fileEncoding = 4; lastKnownFileType = sourcecode.c.h; path = AccountManager.h; sourceTree = "<group>"; };
		08F152321481316000CF7BD9 /* AccountManager.m */ = {isa = PBXFileReference; fileEncoding = 4; lastKnownFileType = sourcecode.c.objc; path = AccountManager.m; sourceTree = "<group>"; };
		08F152331481316000CF7BD9 /* ExploreImageProvider.h */ = {isa = PBXFileReference; fileEncoding = 4; lastKnownFileType = sourcecode.c.h; path = ExploreImageProvider.h; sourceTree = "<group>"; };
		08F152341481316000CF7BD9 /* ExploreImageProvider.m */ = {isa = PBXFileReference; fileEncoding = 4; lastKnownFileType = sourcecode.c.objc; path = ExploreImageProvider.m; sourceTree = "<group>"; };
		08F152351481316000CF7BD9 /* FlickrAccount.h */ = {isa = PBXFileReference; fileEncoding = 4; lastKnownFileType = sourcecode.c.h; path = FlickrAccount.h; sourceTree = "<group>"; };
		08F152361481316000CF7BD9 /* FlickrAccount.m */ = {isa = PBXFileReference; fileEncoding = 4; lastKnownFileType = sourcecode.c.objc; path = FlickrAccount.m; sourceTree = "<group>"; };
		08F152371481316000CF7BD9 /* PagedContentProvider.h */ = {isa = PBXFileReference; fileEncoding = 4; lastKnownFileType = sourcecode.c.h; path = PagedContentProvider.h; sourceTree = "<group>"; };
		08F152381481316000CF7BD9 /* PictureInfo.h */ = {isa = PBXFileReference; fileEncoding = 4; lastKnownFileType = sourcecode.c.h; path = PictureInfo.h; sourceTree = "<group>"; };
		08F152391481316000CF7BD9 /* PictureInfo.m */ = {isa = PBXFileReference; fileEncoding = 4; lastKnownFileType = sourcecode.c.objc; path = PictureInfo.m; sourceTree = "<group>"; };
		08F1523A1481316000CF7BD9 /* PictureInfoCollection.h */ = {isa = PBXFileReference; fileEncoding = 4; lastKnownFileType = sourcecode.c.h; path = PictureInfoCollection.h; sourceTree = "<group>"; };
		08F1523B1481316000CF7BD9 /* PictureInfoCollection.m */ = {isa = PBXFileReference; fileEncoding = 4; lastKnownFileType = sourcecode.c.objc; path = PictureInfoCollection.m; sourceTree = "<group>"; };
		08F1523D1481316000CF7BD9 /* ImageCachedDataProvider.h */ = {isa = PBXFileReference; fileEncoding = 4; lastKnownFileType = sourcecode.c.h; path = ImageCachedDataProvider.h; sourceTree = "<group>"; };
		08F1523E1481316000CF7BD9 /* ImageCachedDataProvider.m */ = {isa = PBXFileReference; fileEncoding = 4; lastKnownFileType = sourcecode.c.objc; path = ImageCachedDataProvider.m; sourceTree = "<group>"; };
		08F1523F1481316000CF7BD9 /* ImageDataProviderManager.h */ = {isa = PBXFileReference; fileEncoding = 4; lastKnownFileType = sourcecode.c.h; path = ImageDataProviderManager.h; sourceTree = "<group>"; };
		08F152401481316000CF7BD9 /* ImageDataProviderManager.m */ = {isa = PBXFileReference; fileEncoding = 4; lastKnownFileType = sourcecode.c.objc; path = ImageDataProviderManager.m; sourceTree = "<group>"; };
		08F152411481316000CF7BD9 /* ImageFlickrDataProvider.h */ = {isa = PBXFileReference; fileEncoding = 4; lastKnownFileType = sourcecode.c.h; path = ImageFlickrDataProvider.h; sourceTree = "<group>"; };
		08F152421481316000CF7BD9 /* ImageFlickrDataProvider.m */ = {isa = PBXFileReference; fileEncoding = 4; lastKnownFileType = sourcecode.c.objc; path = ImageFlickrDataProvider.m; sourceTree = "<group>"; };
		08F152431481316000CF7BD9 /* ImageInstagramDataProvider.h */ = {isa = PBXFileReference; fileEncoding = 4; lastKnownFileType = sourcecode.c.h; path = ImageInstagramDataProvider.h; sourceTree = "<group>"; };
		08F152441481316000CF7BD9 /* ImageInstagramDataProvider.m */ = {isa = PBXFileReference; fileEncoding = 4; lastKnownFileType = sourcecode.c.objc; path = ImageInstagramDataProvider.m; sourceTree = "<group>"; };
		08F152451481316000CF7BD9 /* RLWebserviceClient.h */ = {isa = PBXFileReference; fileEncoding = 4; lastKnownFileType = sourcecode.c.h; path = RLWebserviceClient.h; sourceTree = "<group>"; };
		08F152461481316000CF7BD9 /* RLWebserviceClient.m */ = {isa = PBXFileReference; fileEncoding = 4; lastKnownFileType = sourcecode.c.objc; path = RLWebserviceClient.m; sourceTree = "<group>"; };
		08F152481481316000CF7BD9 /* en */ = {isa = PBXFileReference; lastKnownFileType = text.plist.strings; name = en; path = en.lproj/InfoPlist.strings; sourceTree = "<group>"; };
		08F152491481316000CF7BD9 /* main.m */ = {isa = PBXFileReference; fileEncoding = 4; lastKnownFileType = sourcecode.c.objc; path = main.m; sourceTree = "<group>"; };
		08F1524A1481316000CF7BD9 /* NetworkActivityIndicatorController.h */ = {isa = PBXFileReference; fileEncoding = 4; lastKnownFileType = sourcecode.c.h; path = NetworkActivityIndicatorController.h; sourceTree = "<group>"; };
		08F1524B1481316000CF7BD9 /* NetworkActivityIndicatorController.m */ = {isa = PBXFileReference; fileEncoding = 4; lastKnownFileType = sourcecode.c.objc; path = NetworkActivityIndicatorController.m; sourceTree = "<group>"; };
		08F1524C1481316000CF7BD9 /* photoRex-Info.plist */ = {isa = PBXFileReference; fileEncoding = 4; lastKnownFileType = text.plist.xml; path = "photoRex-Info.plist"; sourceTree = "<group>"; };
		08F1524D1481316000CF7BD9 /* photoRex-Prefix.pch */ = {isa = PBXFileReference; fileEncoding = 4; lastKnownFileType = sourcecode.c.h; path = "photoRex-Prefix.pch"; sourceTree = "<group>"; };
		08F1524F1481316000CF7BD9 /* photoRexplore.xcdatamodel */ = {isa = PBXFileReference; lastKnownFileType = wrapper.xcdatamodel; path = photoRexplore.xcdatamodel; sourceTree = "<group>"; };
		08F152511481316000CF7BD9 /* __noimageFull@2x.png */ = {isa = PBXFileReference; lastKnownFileType = image.png; path = "__noimageFull@2x.png"; sourceTree = "<group>"; };
		08F152521481316000CF7BD9 /* accountActive.png */ = {isa = PBXFileReference; lastKnownFileType = image.png; path = accountActive.png; sourceTree = "<group>"; };
		08F152531481316000CF7BD9 /* accountInactive.png */ = {isa = PBXFileReference; lastKnownFileType = image.png; path = accountInactive.png; sourceTree = "<group>"; };
		08F152541481316000CF7BD9 /* flickrAccountTableCell.png */ = {isa = PBXFileReference; lastKnownFileType = image.png; path = flickrAccountTableCell.png; sourceTree = "<group>"; };
		08F152551481316000CF7BD9 /* flickrAccountTableCell@2x.png */ = {isa = PBXFileReference; lastKnownFileType = image.png; path = "flickrAccountTableCell@2x.png"; sourceTree = "<group>"; };
		08F152561481316000CF7BD9 /* flickrTableCell.psd */ = {isa = PBXFileReference; lastKnownFileType = file; path = flickrTableCell.psd; sourceTree = "<group>"; };
		08F152571481316000CF7BD9 /* googleTableCell.psd */ = {isa = PBXFileReference; lastKnownFileType = file; path = googleTableCell.psd; sourceTree = "<group>"; };
		08F152581481316000CF7BD9 /* Instagram-logo.png */ = {isa = PBXFileReference; lastKnownFileType = image.png; path = "Instagram-logo.png"; sourceTree = "<group>"; };
		08F152591481316000CF7BD9 /* instagramTableCell.png */ = {isa = PBXFileReference; lastKnownFileType = image.png; path = instagramTableCell.png; sourceTree = "<group>"; };
		08F1525A1481316000CF7BD9 /* InstagramTableCell.psd */ = {isa = PBXFileReference; lastKnownFileType = file; path = InstagramTableCell.psd; sourceTree = "<group>"; };
		08F1525B1481316000CF7BD9 /* instagramTableCell@2x.png */ = {isa = PBXFileReference; lastKnownFileType = image.png; path = "instagramTableCell@2x.png"; sourceTree = "<group>"; };
		08F1525C1481316000CF7BD9 /* noimage4x3.png */ = {isa = PBXFileReference; lastKnownFileType = image.png; path = noimage4x3.png; sourceTree = "<group>"; };
		08F1525D1481316000CF7BD9 /* noimage4x3@2x.png */ = {isa = PBXFileReference; lastKnownFileType = image.png; path = "noimage4x3@2x.png"; sourceTree = "<group>"; };
		08F1525F1481316100CF7BD9 /* noimageLandscape568x320@2x.png */ = {isa = PBXFileReference; lastKnownFileType = image.png; path = "noimageLandscape568x320@2x.png"; sourceTree = "<group>"; };
		08F152601481316100CF7BD9 /* splash-01@2x.png */ = {isa = PBXFileReference; lastKnownFileType = image.png; path = "splash-01@2x.png"; sourceTree = "<group>"; };
		08F152681481316100CF7BD9 /* ExploreNavigatorController.h */ = {isa = PBXFileReference; fileEncoding = 4; lastKnownFileType = sourcecode.c.h; path = ExploreNavigatorController.h; sourceTree = "<group>"; };
		08F152691481316100CF7BD9 /* ExploreNavigatorController.m */ = {isa = PBXFileReference; fileEncoding = 4; lastKnownFileType = sourcecode.c.objc; path = ExploreNavigatorController.m; sourceTree = "<group>"; };
		08F152711481316100CF7BD9 /* ImageGridUIViewController.h */ = {isa = PBXFileReference; fileEncoding = 4; lastKnownFileType = sourcecode.c.h; path = ImageGridUIViewController.h; sourceTree = "<group>"; };
		08F152721481316100CF7BD9 /* ImageGridUIViewController.m */ = {isa = PBXFileReference; fileEncoding = 4; lastKnownFileType = sourcecode.c.objc; path = ImageGridUIViewController.m; sourceTree = "<group>"; };
		08F152751481316100CF7BD9 /* ImageStatusOverlayView.m */ = {isa = PBXFileReference; fileEncoding = 4; lastKnownFileType = sourcecode.c.objc; path = ImageStatusOverlayView.m; sourceTree = "<group>"; };
		08F152761481316100CF7BD9 /* InfinitePagedScrollView.h */ = {isa = PBXFileReference; fileEncoding = 4; lastKnownFileType = sourcecode.c.h; path = InfinitePagedScrollView.h; sourceTree = "<group>"; };
		08F152771481316100CF7BD9 /* InfinitePagedScrollView.m */ = {isa = PBXFileReference; fileEncoding = 4; lastKnownFileType = sourcecode.c.objc; path = InfinitePagedScrollView.m; sourceTree = "<group>"; };
		08F152781481316100CF7BD9 /* PagedNavigatorController.h */ = {isa = PBXFileReference; fileEncoding = 4; lastKnownFileType = sourcecode.c.h; path = PagedNavigatorController.h; sourceTree = "<group>"; };
		08F152791481316100CF7BD9 /* PagedNavigatorController.m */ = {isa = PBXFileReference; fileEncoding = 4; lastKnownFileType = sourcecode.c.objc; path = PagedNavigatorController.m; sourceTree = "<group>"; };
		08F1527A1481316100CF7BD9 /* PageIndicatorHUDView.h */ = {isa = PBXFileReference; fileEncoding = 4; lastKnownFileType = sourcecode.c.h; path = PageIndicatorHUDView.h; sourceTree = "<group>"; };
		08F1527B1481316100CF7BD9 /* PageIndicatorHUDView.m */ = {isa = PBXFileReference; fileEncoding = 4; lastKnownFileType = sourcecode.c.objc; path = PageIndicatorHUDView.m; sourceTree = "<group>"; };
		08F1527C1481316100CF7BD9 /* PhotoScrollView.h */ = {isa = PBXFileReference; fileEncoding = 4; lastKnownFileType = sourcecode.c.h; path = PhotoScrollView.h; sourceTree = "<group>"; };
		08F1527D1481316100CF7BD9 /* PhotoScrollView.m */ = {isa = PBXFileReference; fileEncoding = 4; lastKnownFileType = sourcecode.c.objc; path = PhotoScrollView.m; sourceTree = "<group>"; };
		08F1527E1481316100CF7BD9 /* PhotoViewController.h */ = {isa = PBXFileReference; fileEncoding = 4; lastKnownFileType = sourcecode.c.h; path = PhotoViewController.h; sourceTree = "<group>"; };
		08F1527F1481316100CF7BD9 /* PhotoViewController.m */ = {isa = PBXFileReference; fileEncoding = 4; lastKnownFileType = sourcecode.c.objc; path = PhotoViewController.m; sourceTree = "<group>"; };
		08F152801481316100CF7BD9 /* PhotoViewController.xib */ = {isa = PBXFileReference; fileEncoding = 4; lastKnownFileType = file.xib; path = PhotoViewController.xib; sourceTree = "<group>"; };
		08F152811481316100CF7BD9 /* TestViewController.h */ = {isa = PBXFileReference; fileEncoding = 4; lastKnownFileType = sourcecode.c.h; path = TestViewController.h; sourceTree = "<group>"; };
		08F152821481316100CF7BD9 /* TestViewController.m */ = {isa = PBXFileReference; fileEncoding = 4; lastKnownFileType = sourcecode.c.objc; path = TestViewController.m; sourceTree = "<group>"; };
		08F152831481316100CF7BD9 /* TestViewController.xib */ = {isa = PBXFileReference; fileEncoding = 4; lastKnownFileType = file.xib; path = TestViewController.xib; sourceTree = "<group>"; };
		08F152841481316100CF7BD9 /* UIImageButton.h */ = {isa = PBXFileReference; fileEncoding = 4; lastKnownFileType = sourcecode.c.h; path = UIImageButton.h; sourceTree = "<group>"; };
		08F152851481316100CF7BD9 /* UIImageButton.m */ = {isa = PBXFileReference; fileEncoding = 4; lastKnownFileType = sourcecode.c.objc; path = UIImageButton.m; sourceTree = "<group>"; };
		08F152861481316100CF7BD9 /* UINetImageView.h */ = {isa = PBXFileReference; fileEncoding = 4; lastKnownFileType = sourcecode.c.h; path = UINetImageView.h; sourceTree = "<group>"; };
		08F152871481316100CF7BD9 /* UINetImageView.m */ = {isa = PBXFileReference; fileEncoding = 4; lastKnownFileType = sourcecode.c.objc; path = UINetImageView.m; sourceTree = "<group>"; };
		08F152881481316100CF7BD9 /* UIVanillaView.h */ = {isa = PBXFileReference; fileEncoding = 4; lastKnownFileType = sourcecode.c.h; path = UIVanillaView.h; sourceTree = "<group>"; };
		08F152891481316100CF7BD9 /* UIVanillaView.m */ = {isa = PBXFileReference; fileEncoding = 4; lastKnownFileType = sourcecode.c.objc; path = UIVanillaView.m; sourceTree = "<group>"; };
		08F1528A1481316100CF7BD9 /* UnavailableImageHandler.h */ = {isa = PBXFileReference; fileEncoding = 4; lastKnownFileType = sourcecode.c.h; path = UnavailableImageHandler.h; sourceTree = "<group>"; };
		08F1528B1481316100CF7BD9 /* UnavailableImageHandler.m */ = {isa = PBXFileReference; fileEncoding = 4; lastKnownFileType = sourcecode.c.objc; path = UnavailableImageHandler.m; sourceTree = "<group>"; };
		08F738F814A0D4DE006987A3 /* GCDiscreetNotificationView.h */ = {isa = PBXFileReference; fileEncoding = 4; lastKnownFileType = sourcecode.c.h; path = GCDiscreetNotificationView.h; sourceTree = "<group>"; };
		08F738F914A0D4DE006987A3 /* GCDiscreetNotificationView.m */ = {isa = PBXFileReference; fileEncoding = 4; lastKnownFileType = sourcecode.c.objc; path = GCDiscreetNotificationView.m; sourceTree = "<group>"; };
		08F7390414A10E14006987A3 /* FiveHundredPXAccount.h */ = {isa = PBXFileReference; fileEncoding = 4; lastKnownFileType = sourcecode.c.h; path = FiveHundredPXAccount.h; sourceTree = "<group>"; };
		08F7390514A10E14006987A3 /* FiveHundredPXAccount.m */ = {isa = PBXFileReference; fileEncoding = 4; lastKnownFileType = sourcecode.c.objc; path = FiveHundredPXAccount.m; sourceTree = "<group>"; };
		08F7390714A1116D006987A3 /* ImageFiveHundredPXDataProvider.h */ = {isa = PBXFileReference; fileEncoding = 4; lastKnownFileType = sourcecode.c.h; path = ImageFiveHundredPXDataProvider.h; sourceTree = "<group>"; };
		08F7390814A1116D006987A3 /* ImageFiveHundredPXDataProvider.m */ = {isa = PBXFileReference; fileEncoding = 4; lastKnownFileType = sourcecode.c.objc; path = ImageFiveHundredPXDataProvider.m; sourceTree = "<group>"; };
/* End PBXFileReference section */

/* Begin PBXFrameworksBuildPhase section */
		083915B314617577005C42D8 /* Frameworks */ = {
			isa = PBXFrameworksBuildPhase;
			buildActionMask = 2147483647;
			files = (
				08837DDA158FA6250008F936 /* CoreImage.framework in Frameworks */,
				08B6BF97149FB1FE002CD986 /* SystemConfiguration.framework in Frameworks */,
				08B6BF67149F836B002CD986 /* CFNetwork.framework in Frameworks */,
				08B6BF65149F833E002CD986 /* libObjectiveFlickr.a in Frameworks */,
				089FB68C1480ACD000190764 /* QuartzCore.framework in Frameworks */,
				083915BB14617577005C42D8 /* UIKit.framework in Frameworks */,
				083915BD14617577005C42D8 /* Foundation.framework in Frameworks */,
				083915BF14617577005C42D8 /* CoreGraphics.framework in Frameworks */,
				083915C114617577005C42D8 /* CoreData.framework in Frameworks */,
			);
			runOnlyForDeploymentPostprocessing = 0;
		};
/* End PBXFrameworksBuildPhase section */

/* Begin PBXGroup section */
		083915AB14617577005C42D8 = {
			isa = PBXGroup;
			children = (
				081BDF7E16DAB41500B4DFD9 /* splash-02-Portrait~ipad.png */,
				081BDF7C16DAB37600B4DFD9 /* splash-02-568h@2x.png */,
				08F1522B1481316000CF7BD9 /* PhotoReX */,
				0839160D14619A89005C42D8 /* libs */,
				083915B914617577005C42D8 /* Frameworks */,
				083915B714617577005C42D8 /* Products */,
			);
			sourceTree = "<group>";
		};
		083915B714617577005C42D8 /* Products */ = {
			isa = PBXGroup;
			children = (
				083915B614617577005C42D8 /* photoRex.app */,
			);
			name = Products;
			sourceTree = "<group>";
		};
		083915B914617577005C42D8 /* Frameworks */ = {
			isa = PBXGroup;
			children = (
				08837DFC1593757B0008F936 /* MessageUI.framework */,
				08837DD9158FA6250008F936 /* CoreImage.framework */,
				08B6BF96149FB1FE002CD986 /* SystemConfiguration.framework */,
				08B6BF66149F836B002CD986 /* CFNetwork.framework */,
				08B6BF64149F833E002CD986 /* libObjectiveFlickr.a */,
				089FB68B1480ACD000190764 /* QuartzCore.framework */,
				083915BA14617577005C42D8 /* UIKit.framework */,
				083915BC14617577005C42D8 /* Foundation.framework */,
				083915BE14617577005C42D8 /* CoreGraphics.framework */,
				083915C014617577005C42D8 /* CoreData.framework */,
			);
			name = Frameworks;
			sourceTree = "<group>";
		};
		0839160D14619A89005C42D8 /* libs */ = {
			isa = PBXGroup;
			children = (
				0865E9DE168FA10E00A4B4BD /* UIImageView+LBBlurredImage.h */,
				0865E9DF168FA10E00A4B4BD /* UIImageView+LBBlurredImage.m */,
				08837DE8159288A20008F936 /* YRDropdownView */,
				08F738F714A0D4DE006987A3 /* DiscreteNotificationBar */,
				08B6BF68149F83DD002CD986 /* objectiveFlickr */,
				0839161214619A89005C42D8 /* JSON */,
				08837DE1159251BC0008F936 /* NSError+Util.h */,
				08837DE2159251BC0008F936 /* NSError+Util.m */,
			);
			path = libs;
			sourceTree = "<group>";
		};
		0839161214619A89005C42D8 /* JSON */ = {
			isa = PBXGroup;
			children = (
				0839161314619A89005C42D8 /* JSON.h */,
				0839161414619A89005C42D8 /* NSObject+SBJson.h */,
				0839161514619A89005C42D8 /* NSObject+SBJson.m */,
				0839161614619A89005C42D8 /* NSString+SBJSON.h */,
				0839161714619A89005C42D8 /* NSString+SBJSON.m */,
				0839161814619A89005C42D8 /* SBJson.h */,
				0839161914619A89005C42D8 /* SBJsonParser.h */,
				0839161A14619A89005C42D8 /* SBJsonParser.m */,
				0839161B14619A89005C42D8 /* SBJsonStreamParser.h */,
				0839161C14619A89005C42D8 /* SBJsonStreamParser.m */,
				0839161D14619A89005C42D8 /* SBJsonStreamParserAccumulator.h */,
				0839161E14619A89005C42D8 /* SBJsonStreamParserAccumulator.m */,
				0839161F14619A89005C42D8 /* SBJsonStreamParserAdapter.h */,
				0839162014619A89005C42D8 /* SBJsonStreamParserAdapter.m */,
				0839162114619A89005C42D8 /* SBJsonStreamParserState.h */,
				0839162214619A89005C42D8 /* SBJsonStreamParserState.m */,
				0839162314619A89005C42D8 /* SBJsonStreamWriter.h */,
				0839162414619A89005C42D8 /* SBJsonStreamWriter.m */,
				0839162514619A89005C42D8 /* SBJsonStreamWriterAccumulator.h */,
				0839162614619A89005C42D8 /* SBJsonStreamWriterAccumulator.m */,
				0839162714619A89005C42D8 /* SBJsonStreamWriterState.h */,
				0839162814619A89005C42D8 /* SBJsonStreamWriterState.m */,
				0839162914619A89005C42D8 /* SBJsonTokeniser.h */,
				0839162A14619A89005C42D8 /* SBJsonTokeniser.m */,
				0839162B14619A89005C42D8 /* SBJsonUTF8Stream.h */,
				0839162C14619A89005C42D8 /* SBJsonUTF8Stream.m */,
				0839162D14619A89005C42D8 /* SBJsonWriter.h */,
				0839162E14619A89005C42D8 /* SBJsonWriter.m */,
			);
			path = JSON;
			sourceTree = "<group>";
		};
		0839DBB8149CD0F400043178 /* Account Management */ = {
			isa = PBXGroup;
			children = (
				0886EE6A14FAC40F0045C6C1 /* FlickrAccountUIViewController.h */,
				0886EE6B14FAC40F0045C6C1 /* FlickrAccountUIViewController.m */,
				0886EE6C14FAC40F0045C6C1 /* FlickrAccountUIViewController.xib */,
				0886EE6214FAC3E00045C6C1 /* AccountsUIViewController.h */,
				0886EE6314FAC3E00045C6C1 /* AccountsUIViewController.m */,
				0886EE6414FAC3E00045C6C1 /* AccountsUIViewController.xib */,
				0886EE6514FAC3E00045C6C1 /* AccountTableViewCell.h */,
				0886EE6614FAC3E00045C6C1 /* AccountTableViewCell.m */,
				0818B44A154E2B7D00B54DB8 /* fiveHundredPXAccountUIViewController.h */,
				0818B44B154E2B7D00B54DB8 /* fiveHundredPXAccountUIViewController.m */,
				0818B44C154E2B7D00B54DB8 /* fiveHundredPXAccountUIViewController.xib */,
			);
			path = "Account Management";
			sourceTree = "<group>";
		};
		08837DE8159288A20008F936 /* YRDropdownView */ = {
			isa = PBXGroup;
			children = (
				08837DE9159288A20008F936 /* bg-yellow.png */,
				08837DEA159288A20008F936 /* bg-yellow@2x.png */,
				08837DEB159288A20008F936 /* YRDropdownView.h */,
				08837DEC159288A20008F936 /* YRDropdownView.m */,
			);
			path = YRDropdownView;
			sourceTree = "<group>";
		};
		089FAB8514A64240008A47C3 /* Photo Page */ = {
			isa = PBXGroup;
			children = (
				08F1527C1481316100CF7BD9 /* PhotoScrollView.h */,
				08F1527D1481316100CF7BD9 /* PhotoScrollView.m */,
				08F1527E1481316100CF7BD9 /* PhotoViewController.h */,
				08F1527F1481316100CF7BD9 /* PhotoViewController.m */,
				08F152801481316100CF7BD9 /* PhotoViewController.xib */,
				089FAB8714A642FC008A47C3 /* PhotoDetailOverlayView.h */,
				089FAB8814A642FC008A47C3 /* PhotoDetailOverlayView.m */,
			);
			name = "Photo Page";
			sourceTree = "<group>";
		};
		08B6BF68149F83DD002CD986 /* objectiveFlickr */ = {
			isa = PBXGroup;
			children = (
				08B6BF88149FAEFA002CD986 /* LFHTTP */,
				08B6BF6A149F83DD002CD986 /* OAuthProvider.h */,
				08B6BF6B149F83DD002CD986 /* OAuthProvider.m */,
				08B6BF6C149F83DD002CD986 /* OFUtilities.h */,
				08B6BF6D149F83DD002CD986 /* OFUtilities.m */,
				08B6BF6E149F83DD002CD986 /* OFXMLMapper.h */,
				08B6BF6F149F83DD002CD986 /* OFXMLMapper.m */,
			);
			path = objectiveFlickr;
			sourceTree = "<group>";
		};
		08B6BF88149FAEFA002CD986 /* LFHTTP */ = {
			isa = PBXGroup;
			children = (
				08B6BF90149FB029002CD986 /* LFHTTPRequest.m */,
				08B6BF91149FB029002CD986 /* LFSiteReachability.m */,
				08B6BF92149FB029002CD986 /* NSData+LFHTTPFormExtensions.m */,
				08B6BF8C149FAF19002CD986 /* LFSiteReachability.h */,
				08B6BF89149FAEFA002CD986 /* LFHTTPRequest.h */,
				08B6BF8A149FAEFA002CD986 /* LFWebAPIKit.h */,
				08B6BF8B149FAEFA002CD986 /* NSData+LFHTTPFormExtensions.h */,
			);
			path = LFHTTP;
			sourceTree = "<group>";
		};
		08D90EF516B5B8B600049467 /* graph walk */ = {
			isa = PBXGroup;
			children = (
				08B5E63D16D7F09500D23B7F /* GraphNode.h */,
				08B5E63E16D7F09500D23B7F /* GraphNode.m */,
				08B5E64016D7F0B100D23B7F /* GraphChildCategory.h */,
				08B5E64116D7F0B100D23B7F /* GraphChildCategory.m */,
				08321ABD16E4271800665F32 /* GraphWalkUIViewController.h */,
				08321ABE16E4271800665F32 /* GraphWalkUIViewController.m */,
				08321ABF16E4271800665F32 /* GraphWalkUIViewController.xib */,
				08321AC216E43F8300665F32 /* GraphWalkView.h */,
				08321AC316E43F8300665F32 /* GraphWalkView.m */,
				089610E316E5826E00EF96DE /* GraphNodeImageView.h */,
				089610E416E5826E00EF96DE /* GraphNodeImageView.m */,
			);
			name = "graph walk";
			sourceTree = "<group>";
		};
		08F1522B1481316000CF7BD9 /* PhotoReX */ = {
			isa = PBXGroup;
			children = (
				08F1522C1481316000CF7BD9 /* AppDelegate.h */,
				08F1522D1481316000CF7BD9 /* AppDelegate.m */,
				08F152621481316100CF7BD9 /* UI tier */,
				08F1522E1481316000CF7BD9 /* Core tier */,
				08F1523C1481316000CF7BD9 /* Data tier */,
				08F152471481316000CF7BD9 /* InfoPlist.strings */,
				0839DBC0149D08E200043178 /* AccountSettings.plist */,
				08F152491481316000CF7BD9 /* main.m */,
				08F1524A1481316000CF7BD9 /* NetworkActivityIndicatorController.h */,
				08F1524B1481316000CF7BD9 /* NetworkActivityIndicatorController.m */,
				08F1524C1481316000CF7BD9 /* photoRex-Info.plist */,
				08F1524D1481316000CF7BD9 /* photoRex-Prefix.pch */,
				08E71F3B148D773F00845199 /* Settings.bundle */,
				08F1524E1481316000CF7BD9 /* photoRexplore.xcdatamodeld */,
				08F152501481316000CF7BD9 /* pics */,
			);
			path = PhotoReX;
			sourceTree = "<group>";
		};
		08F1522E1481316000CF7BD9 /* Core tier */ = {
			isa = PBXGroup;
			children = (
				08F1522F1481316000CF7BD9 /* Account.h */,
				08F152301481316000CF7BD9 /* Account.m */,
				08F152311481316000CF7BD9 /* AccountManager.h */,
				08F152321481316000CF7BD9 /* AccountManager.m */,
				08F152331481316000CF7BD9 /* ExploreImageProvider.h */,
				08F152341481316000CF7BD9 /* ExploreImageProvider.m */,
				08F152351481316000CF7BD9 /* FlickrAccount.h */,
				08F152361481316000CF7BD9 /* FlickrAccount.m */,
				08F7390414A10E14006987A3 /* FiveHundredPXAccount.h */,
				08F7390514A10E14006987A3 /* FiveHundredPXAccount.m */,
				08F152371481316000CF7BD9 /* PagedContentProvider.h */,
				08F152381481316000CF7BD9 /* PictureInfo.h */,
				08F152391481316000CF7BD9 /* PictureInfo.m */,
				08F1523A1481316000CF7BD9 /* PictureInfoCollection.h */,
				08F1523B1481316000CF7BD9 /* PictureInfoCollection.m */,
			);
			path = "Core tier";
			sourceTree = "<group>";
		};
		08F1523C1481316000CF7BD9 /* Data tier */ = {
			isa = PBXGroup;
			children = (
				08F1523D1481316000CF7BD9 /* ImageCachedDataProvider.h */,
				08F1523E1481316000CF7BD9 /* ImageCachedDataProvider.m */,
				08F1523F1481316000CF7BD9 /* ImageDataProviderManager.h */,
				08F152401481316000CF7BD9 /* ImageDataProviderManager.m */,
				08F152411481316000CF7BD9 /* ImageFlickrDataProvider.h */,
				08F152421481316000CF7BD9 /* ImageFlickrDataProvider.m */,
				08F7390714A1116D006987A3 /* ImageFiveHundredPXDataProvider.h */,
				08F7390814A1116D006987A3 /* ImageFiveHundredPXDataProvider.m */,
				08F152431481316000CF7BD9 /* ImageInstagramDataProvider.h */,
				08F152441481316000CF7BD9 /* ImageInstagramDataProvider.m */,
				08F152451481316000CF7BD9 /* RLWebserviceClient.h */,
				08F152461481316000CF7BD9 /* RLWebserviceClient.m */,
			);
			path = "Data tier";
			sourceTree = "<group>";
		};
		08F152501481316000CF7BD9 /* pics */ = {
			isa = PBXGroup;
			children = (
				08328BA116E8A4DD00FBE632 /* zara.jpg */,
				081422EC16E139910068C955 /* noimageLandscape480x320.png */,
				081422ED16E139910068C955 /* noimageLandscape480x320@2x.png */,
				081422EE16E139910068C955 /* noimageLandscape1024x768.png */,
				081BDF7816DAB12700B4DFD9 /* splash-02-568x320@2x.png */,
				081BDF7916DAB12700B4DFD9 /* splash-02-1024x768.png */,
				08837DFE1593B9B50008F936 /* dropdown-alert.png */,
				08837DFF1593B9B50008F936 /* dropdown-alert@2x.png */,
				08B118001584D00600E5032B /* fiveHundredPXAccountIcon.png */,
				08B118011584D00600E5032B /* fiveHundredPXAccountIcon@2x.png */,
				0818B443154E290800B54DB8 /* fiveHundredPXAccountTableCell.png */,
				0818B444154E290800B54DB8 /* fiveHundredPXAccountTableCell@2x.png */,
				0860C42A1544E1B9003A7234 /* icon-ipad.png */,
				0860C42B1544E1B9003A7234 /* icon-ipad@2x.png */,
				0860C42C1544E1B9003A7234 /* icon-search.png */,
				0860C42D1544E1B9003A7234 /* icon-search@2x.png */,
				0860C4251544DE4A003A7234 /* icon.png */,
				0860C4261544DE4A003A7234 /* icon@2x.png */,
				08D8855E1544D9FD00410841 /* viewed.png */,
				08D8855F1544D9FD00410841 /* viewed@2x.png */,
				08917DA314F1FEA000F4C795 /* comments.png */,
				08917DA414F1FEA000F4C795 /* comments@2x.png */,
				08917D9714F1FDA700F4C795 /* rotatePhone.png */,
				08917D9814F1FDA700F4C795 /* rotatePhone@2x.png */,
				08917D9914F1FDA700F4C795 /* rotateToLandscape.png */,
				08917D9A14F1FDA700F4C795 /* rotateToLandscape@2x.png */,
				08917D9B14F1FDA700F4C795 /* rotateToPortrait.png */,
				08917D9C14F1FDA700F4C795 /* rotateToPortrait@2x.png */,
				08923EA714F1EF4E0013BD6E /* shareBtn.png */,
				08923EA814F1EF4E0013BD6E /* shareBtn@2x.png */,
				08A8D38314AF9283005FFAC4 /* warning.png */,
				0897EEF614A6777E002C7820 /* favoriteBtn.png */,
				0897EEF714A6777E002C7820 /* favoriteBtn@2x.png */,
				0897EEF814A6777E002C7820 /* favoriteBtnSelected.png */,
				0897EEF914A6777E002C7820 /* favoriteBtnSelected@2x.png */,
				089FAB8A14A65F05008A47C3 /* flickrAccountIcon.png */,
				089FAB8B14A65F06008A47C3 /* flickrAccountIcon@2x.png */,
				08A19B8114A2D2FB00E49E58 /* settingsIcon.png */,
				08A19B8214A2D2FB00E49E58 /* settingsIcon@2x.png */,
				0839DBBA149CDAF900043178 /* tableCellIndicator.png */,
				08A19B8314A2D2FB00E49E58 /* tableCellIndicator@2x.png */,
				0839DBC2149D459D00043178 /* defaultIconImage.png */,
				08F152511481316000CF7BD9 /* __noimageFull@2x.png */,
				08F152521481316000CF7BD9 /* accountActive.png */,
				08F152531481316000CF7BD9 /* accountInactive.png */,
				08F152541481316000CF7BD9 /* flickrAccountTableCell.png */,
				08F152551481316000CF7BD9 /* flickrAccountTableCell@2x.png */,
				08F152561481316000CF7BD9 /* flickrTableCell.psd */,
				08F152571481316000CF7BD9 /* googleTableCell.psd */,
				08F152581481316000CF7BD9 /* Instagram-logo.png */,
				08F152591481316000CF7BD9 /* instagramTableCell.png */,
				08F1525A1481316000CF7BD9 /* InstagramTableCell.psd */,
				08F1525B1481316000CF7BD9 /* instagramTableCell@2x.png */,
				08F1525C1481316000CF7BD9 /* noimage4x3.png */,
				08F1525D1481316000CF7BD9 /* noimage4x3@2x.png */,
				08F1525F1481316100CF7BD9 /* noimageLandscape568x320@2x.png */,
				08F152601481316100CF7BD9 /* splash-01@2x.png */,
			);
			path = pics;
			sourceTree = "<group>";
		};
		08F152621481316100CF7BD9 /* UI tier */ = {
			isa = PBXGroup;
			children = (
				08D90EF516B5B8B600049467 /* graph walk */,
				089FAB8514A64240008A47C3 /* Photo Page */,
				0839DBB8149CD0F400043178 /* Account Management */,
				08F152681481316100CF7BD9 /* ExploreNavigatorController.h */,
				08F152691481316100CF7BD9 /* ExploreNavigatorController.m */,
				08F152711481316100CF7BD9 /* ImageGridUIViewController.h */,
				08F152721481316100CF7BD9 /* ImageGridUIViewController.m */,
				088B2F081487BDF0005C785E /* ImageStatusOverlayView.h */,
				08F152751481316100CF7BD9 /* ImageStatusOverlayView.m */,
				08F152761481316100CF7BD9 /* InfinitePagedScrollView.h */,
				08F152771481316100CF7BD9 /* InfinitePagedScrollView.m */,
				08F152781481316100CF7BD9 /* PagedNavigatorController.h */,
				08F152791481316100CF7BD9 /* PagedNavigatorController.m */,
				08F1527A1481316100CF7BD9 /* PageIndicatorHUDView.h */,
				08F1527B1481316100CF7BD9 /* PageIndicatorHUDView.m */,
				08F152811481316100CF7BD9 /* TestViewController.h */,
				08F152821481316100CF7BD9 /* TestViewController.m */,
				08F152831481316100CF7BD9 /* TestViewController.xib */,
				08F152841481316100CF7BD9 /* UIImageButton.h */,
				08F152851481316100CF7BD9 /* UIImageButton.m */,
				08F152861481316100CF7BD9 /* UINetImageView.h */,
				08F152871481316100CF7BD9 /* UINetImageView.m */,
				08F152881481316100CF7BD9 /* UIVanillaView.h */,
				08F152891481316100CF7BD9 /* UIVanillaView.m */,
				08F1528A1481316100CF7BD9 /* UnavailableImageHandler.h */,
				08F1528B1481316100CF7BD9 /* UnavailableImageHandler.m */,
				08CE517114A23740004C1916 /* FancyTabbarController.h */,
				08CE517214A23740004C1916 /* FancyTabbarController.m */,
				08CE517514A23763004C1916 /* FancyTabbar.h */,
				08CE517614A23763004C1916 /* FancyTabbar.m */,
				08CE517814A23AB9004C1916 /* FancyTabbarItem.h */,
				08CE517914A23ABA004C1916 /* FancyTabbarItem.m */,
				08837DDC159018D00008F936 /* ErrorViewController.h */,
				08837DDD159018D00008F936 /* ErrorViewController.m */,
				08837DDE159018D00008F936 /* ErrorViewController.xib */,
			);
			path = "UI tier";
			sourceTree = "<group>";
		};
		08F738F714A0D4DE006987A3 /* DiscreteNotificationBar */ = {
			isa = PBXGroup;
			children = (
				08F738F814A0D4DE006987A3 /* GCDiscreetNotificationView.h */,
				08F738F914A0D4DE006987A3 /* GCDiscreetNotificationView.m */,
			);
			path = DiscreteNotificationBar;
			sourceTree = "<group>";
		};
/* End PBXGroup section */

/* Begin PBXNativeTarget section */
		083915B514617577005C42D8 /* photoReX */ = {
			isa = PBXNativeTarget;
			buildConfigurationList = 083915D314617577005C42D8 /* Build configuration list for PBXNativeTarget "photoReX" */;
			buildPhases = (
				083915B214617577005C42D8 /* Sources */,
				083915B314617577005C42D8 /* Frameworks */,
				083915B414617577005C42D8 /* Resources */,
			);
			buildRules = (
			);
			dependencies = (
			);
			name = photoReX;
			productName = Rephommend;
			productReference = 083915B614617577005C42D8 /* photoRex.app */;
			productType = "com.apple.product-type.application";
		};
/* End PBXNativeTarget section */

/* Begin PBXProject section */
		083915AD14617577005C42D8 /* Project object */ = {
			isa = PBXProject;
			attributes = {
				LastUpgradeCheck = 0430;
				ORGANIZATIONNAME = Rutgers;
			};
			buildConfigurationList = 083915B014617577005C42D8 /* Build configuration list for PBXProject "photoReX" */;
			compatibilityVersion = "Xcode 3.2";
			developmentRegion = English;
			hasScannedForEncodings = 0;
			knownRegions = (
				en,
			);
			mainGroup = 083915AB14617577005C42D8;
			productRefGroup = 083915B714617577005C42D8 /* Products */;
			projectDirPath = "";
			projectRoot = "";
			targets = (
				083915B514617577005C42D8 /* photoReX */,
			);
		};
/* End PBXProject section */

/* Begin PBXResourcesBuildPhase section */
		083915B414617577005C42D8 /* Resources */ = {
			isa = PBXResourcesBuildPhase;
			buildActionMask = 2147483647;
			files = (
				08F152981481316100CF7BD9 /* InfoPlist.strings in Resources */,
				08F1529B1481316100CF7BD9 /* photoRex-Info.plist in Resources */,
				08F1529D1481316100CF7BD9 /* __noimageFull@2x.png in Resources */,
				08F1529E1481316100CF7BD9 /* accountActive.png in Resources */,
				08F1529F1481316100CF7BD9 /* accountInactive.png in Resources */,
				08F152A01481316100CF7BD9 /* flickrAccountTableCell.png in Resources */,
				08F152A11481316100CF7BD9 /* flickrAccountTableCell@2x.png in Resources */,
				08F152A21481316100CF7BD9 /* flickrTableCell.psd in Resources */,
				08F152A31481316100CF7BD9 /* googleTableCell.psd in Resources */,
				08F152A41481316100CF7BD9 /* Instagram-logo.png in Resources */,
				08F152A51481316100CF7BD9 /* instagramTableCell.png in Resources */,
				08F152A61481316100CF7BD9 /* InstagramTableCell.psd in Resources */,
				08F152A71481316100CF7BD9 /* instagramTableCell@2x.png in Resources */,
				08F152A81481316100CF7BD9 /* noimage4x3.png in Resources */,
				08F152A91481316100CF7BD9 /* noimage4x3@2x.png in Resources */,
				08F152AB1481316100CF7BD9 /* noimageLandscape568x320@2x.png in Resources */,
				08F152AC1481316100CF7BD9 /* splash-01@2x.png in Resources */,
				08F152BE1481316100CF7BD9 /* PhotoViewController.xib in Resources */,
				08F152C01481316100CF7BD9 /* TestViewController.xib in Resources */,
				08E71F3C148D773F00845199 /* Settings.bundle in Resources */,
				0839DBBB149CDAF900043178 /* tableCellIndicator.png in Resources */,
				0839DBC1149D08E200043178 /* AccountSettings.plist in Resources */,
				0839DBC3149D459D00043178 /* defaultIconImage.png in Resources */,
				08A19B8414A2D2FB00E49E58 /* settingsIcon.png in Resources */,
				08A19B8514A2D2FB00E49E58 /* settingsIcon@2x.png in Resources */,
				08A19B8614A2D2FB00E49E58 /* tableCellIndicator@2x.png in Resources */,
				089FAB8C14A65F07008A47C3 /* flickrAccountIcon.png in Resources */,
				089FAB8D14A65F07008A47C3 /* flickrAccountIcon@2x.png in Resources */,
				0897EEFC14A6777E002C7820 /* favoriteBtn.png in Resources */,
				0897EEFD14A6777E002C7820 /* favoriteBtn@2x.png in Resources */,
				0897EEFE14A6777E002C7820 /* favoriteBtnSelected.png in Resources */,
				0897EEFF14A6777E002C7820 /* favoriteBtnSelected@2x.png in Resources */,
				08A8D38414AF9283005FFAC4 /* warning.png in Resources */,
				08923EA914F1EF4E0013BD6E /* shareBtn.png in Resources */,
				08923EAA14F1EF4E0013BD6E /* shareBtn@2x.png in Resources */,
				08917D9D14F1FDA700F4C795 /* rotatePhone.png in Resources */,
				08917D9E14F1FDA700F4C795 /* rotatePhone@2x.png in Resources */,
				08917D9F14F1FDA700F4C795 /* rotateToLandscape.png in Resources */,
				08917DA014F1FDA700F4C795 /* rotateToLandscape@2x.png in Resources */,
				08917DA114F1FDA700F4C795 /* rotateToPortrait.png in Resources */,
				08917DA214F1FDA700F4C795 /* rotateToPortrait@2x.png in Resources */,
				08917DA514F1FEA000F4C795 /* comments.png in Resources */,
				08917DA614F1FEA000F4C795 /* comments@2x.png in Resources */,
				0886EE6814FAC3E00045C6C1 /* AccountsUIViewController.xib in Resources */,
				0886EE6E14FAC40F0045C6C1 /* FlickrAccountUIViewController.xib in Resources */,
				08D885601544D9FD00410841 /* viewed.png in Resources */,
				08D885611544D9FD00410841 /* viewed@2x.png in Resources */,
				0860C4271544DE4A003A7234 /* icon.png in Resources */,
				0860C4281544DE4A003A7234 /* icon@2x.png in Resources */,
				0860C42E1544E1B9003A7234 /* icon-ipad.png in Resources */,
				0860C42F1544E1B9003A7234 /* icon-ipad@2x.png in Resources */,
				0860C4301544E1B9003A7234 /* icon-search.png in Resources */,
				0860C4311544E1B9003A7234 /* icon-search@2x.png in Resources */,
				0818B447154E290800B54DB8 /* fiveHundredPXAccountTableCell.png in Resources */,
				0818B448154E290800B54DB8 /* fiveHundredPXAccountTableCell@2x.png in Resources */,
				0818B44E154E2B7D00B54DB8 /* fiveHundredPXAccountUIViewController.xib in Resources */,
				08B118021584D00600E5032B /* fiveHundredPXAccountIcon.png in Resources */,
				08B118031584D00600E5032B /* fiveHundredPXAccountIcon@2x.png in Resources */,
				08837DE0159018D00008F936 /* ErrorViewController.xib in Resources */,
				08837DED159288A20008F936 /* bg-yellow.png in Resources */,
				08837DEE159288A20008F936 /* bg-yellow@2x.png in Resources */,
				08837E001593B9B50008F936 /* dropdown-alert.png in Resources */,
				08837E011593B9B50008F936 /* dropdown-alert@2x.png in Resources */,
				081BDF7A16DAB12700B4DFD9 /* splash-02-568x320@2x.png in Resources */,
				081BDF7B16DAB12700B4DFD9 /* splash-02-1024x768.png in Resources */,
				081BDF7D16DAB37600B4DFD9 /* splash-02-568h@2x.png in Resources */,
				081BDF7F16DAB41500B4DFD9 /* splash-02-Portrait~ipad.png in Resources */,
				081422EF16E139910068C955 /* noimageLandscape480x320.png in Resources */,
				081422F016E139910068C955 /* noimageLandscape480x320@2x.png in Resources */,
				081422F116E139910068C955 /* noimageLandscape1024x768.png in Resources */,
				08321AC116E4271800665F32 /* GraphWalkUIViewController.xib in Resources */,
				08328BA216E8A4DD00FBE632 /* zara.jpg in Resources */,
			);
			runOnlyForDeploymentPostprocessing = 0;
		};
/* End PBXResourcesBuildPhase section */

/* Begin PBXSourcesBuildPhase section */
		083915B214617577005C42D8 /* Sources */ = {
			isa = PBXSourcesBuildPhase;
			buildActionMask = 2147483647;
			files = (
				0839163014619A89005C42D8 /* NSObject+SBJson.m in Sources */,
				0839163114619A89005C42D8 /* NSString+SBJSON.m in Sources */,
				0839163214619A89005C42D8 /* SBJsonParser.m in Sources */,
				0839163314619A89005C42D8 /* SBJsonStreamParser.m in Sources */,
				0839163414619A89005C42D8 /* SBJsonStreamParserAccumulator.m in Sources */,
				0839163514619A89005C42D8 /* SBJsonStreamParserAdapter.m in Sources */,
				0839163614619A89005C42D8 /* SBJsonStreamParserState.m in Sources */,
				0839163714619A89005C42D8 /* SBJsonStreamWriter.m in Sources */,
				0839163814619A89005C42D8 /* SBJsonStreamWriterAccumulator.m in Sources */,
				0839163914619A89005C42D8 /* SBJsonStreamWriterState.m in Sources */,
				0839163A14619A89005C42D8 /* SBJsonTokeniser.m in Sources */,
				0839163B14619A89005C42D8 /* SBJsonUTF8Stream.m in Sources */,
				0839163C14619A89005C42D8 /* SBJsonWriter.m in Sources */,
				08F1528C1481316100CF7BD9 /* AppDelegate.m in Sources */,
				08F1528D1481316100CF7BD9 /* Account.m in Sources */,
				08F1528E1481316100CF7BD9 /* AccountManager.m in Sources */,
				08F1528F1481316100CF7BD9 /* ExploreImageProvider.m in Sources */,
				08F152901481316100CF7BD9 /* FlickrAccount.m in Sources */,
				08F152911481316100CF7BD9 /* PictureInfo.m in Sources */,
				08F152921481316100CF7BD9 /* PictureInfoCollection.m in Sources */,
				08F152931481316100CF7BD9 /* ImageCachedDataProvider.m in Sources */,
				08F152941481316100CF7BD9 /* ImageDataProviderManager.m in Sources */,
				08F152951481316100CF7BD9 /* ImageFlickrDataProvider.m in Sources */,
				08F152961481316100CF7BD9 /* ImageInstagramDataProvider.m in Sources */,
				08F152971481316100CF7BD9 /* RLWebserviceClient.m in Sources */,
				08F152991481316100CF7BD9 /* main.m in Sources */,
				08F1529A1481316100CF7BD9 /* NetworkActivityIndicatorController.m in Sources */,
				08F1529C1481316100CF7BD9 /* photoRexplore.xcdatamodeld in Sources */,
				08F152B11481316100CF7BD9 /* ExploreNavigatorController.m in Sources */,
				08F152B61481316100CF7BD9 /* ImageGridUIViewController.m in Sources */,
				08F152B81481316100CF7BD9 /* ImageStatusOverlayView.m in Sources */,
				08F152B91481316100CF7BD9 /* InfinitePagedScrollView.m in Sources */,
				08F152BA1481316100CF7BD9 /* PagedNavigatorController.m in Sources */,
				08F152BB1481316100CF7BD9 /* PageIndicatorHUDView.m in Sources */,
				08F152BC1481316100CF7BD9 /* PhotoScrollView.m in Sources */,
				08F152BD1481316100CF7BD9 /* PhotoViewController.m in Sources */,
				08F152BF1481316100CF7BD9 /* TestViewController.m in Sources */,
				08F152C11481316100CF7BD9 /* UIImageButton.m in Sources */,
				08F152C21481316100CF7BD9 /* UINetImageView.m in Sources */,
				08F152C31481316100CF7BD9 /* UIVanillaView.m in Sources */,
				08F152C41481316100CF7BD9 /* UnavailableImageHandler.m in Sources */,
				08B6BF71149F83DD002CD986 /* OAuthProvider.m in Sources */,
				08B6BF72149F83DD002CD986 /* OFUtilities.m in Sources */,
				08B6BF73149F83DD002CD986 /* OFXMLMapper.m in Sources */,
				08B6BF93149FB029002CD986 /* LFHTTPRequest.m in Sources */,
				08B6BF94149FB029002CD986 /* LFSiteReachability.m in Sources */,
				08B6BF95149FB029002CD986 /* NSData+LFHTTPFormExtensions.m in Sources */,
				08F738FA14A0D4DE006987A3 /* GCDiscreetNotificationView.m in Sources */,
				08F7390614A10E15006987A3 /* FiveHundredPXAccount.m in Sources */,
				08F7390914A1116E006987A3 /* ImageFiveHundredPXDataProvider.m in Sources */,
				08CE517314A23741004C1916 /* FancyTabbarController.m in Sources */,
				08CE517714A23763004C1916 /* FancyTabbar.m in Sources */,
				08CE517A14A23ABA004C1916 /* FancyTabbarItem.m in Sources */,
				089FAB8914A642FC008A47C3 /* PhotoDetailOverlayView.m in Sources */,
				0886EE6714FAC3E00045C6C1 /* AccountsUIViewController.m in Sources */,
				0886EE6914FAC3E00045C6C1 /* AccountTableViewCell.m in Sources */,
				0886EE6D14FAC40F0045C6C1 /* FlickrAccountUIViewController.m in Sources */,
				0818B44D154E2B7D00B54DB8 /* fiveHundredPXAccountUIViewController.m in Sources */,
				08837DDF159018D00008F936 /* ErrorViewController.m in Sources */,
				08837DE3159251BC0008F936 /* NSError+Util.m in Sources */,
				08837DEF159288A20008F936 /* YRDropdownView.m in Sources */,
				0865E9E0168FA10E00A4B4BD /* UIImageView+LBBlurredImage.m in Sources */,
				08B5E63F16D7F09500D23B7F /* GraphNode.m in Sources */,
				08B5E64216D7F0B100D23B7F /* GraphChildCategory.m in Sources */,
				08321AC016E4271800665F32 /* GraphWalkUIViewController.m in Sources */,
				08321AC416E43F8300665F32 /* GraphWalkView.m in Sources */,
				089610E516E5826E00EF96DE /* GraphNodeImageView.m in Sources */,
			);
			runOnlyForDeploymentPostprocessing = 0;
		};
/* End PBXSourcesBuildPhase section */

/* Begin PBXVariantGroup section */
		08F152471481316000CF7BD9 /* InfoPlist.strings */ = {
			isa = PBXVariantGroup;
			children = (
				08F152481481316000CF7BD9 /* en */,
			);
			name = InfoPlist.strings;
			sourceTree = "<group>";
		};
/* End PBXVariantGroup section */

/* Begin XCBuildConfiguration section */
		083915D114617577005C42D8 /* Debug */ = {
			isa = XCBuildConfiguration;
			buildSettings = {
				ALWAYS_SEARCH_USER_PATHS = NO;
				ARCHS = "$(ARCHS_STANDARD_32_BIT)";
				"CODE_SIGN_IDENTITY[sdk=iphoneos*]" = "iPhone Developer";
				COPY_PHASE_STRIP = NO;
				GCC_C_LANGUAGE_STANDARD = gnu99;
				GCC_DYNAMIC_NO_PIC = NO;
				GCC_OPTIMIZATION_LEVEL = 0;
				GCC_PREPROCESSOR_DEFINITIONS = (
					"DEBUG=1",
					"$(inherited)",
				);
				GCC_SYMBOLS_PRIVATE_EXTERN = NO;
				GCC_VERSION = com.apple.compilers.llvm.clang.1_0;
				GCC_WARN_ABOUT_MISSING_PROTOTYPES = YES;
				GCC_WARN_ABOUT_RETURN_TYPE = YES;
				GCC_WARN_UNUSED_VARIABLE = YES;
				IPHONEOS_DEPLOYMENT_TARGET = 5.0;
				SDKROOT = iphoneos;
				TARGETED_DEVICE_FAMILY = "1,2";
			};
			name = Debug;
		};
		083915D214617577005C42D8 /* Release */ = {
			isa = XCBuildConfiguration;
			buildSettings = {
				ALWAYS_SEARCH_USER_PATHS = NO;
				ARCHS = "$(ARCHS_STANDARD_32_BIT)";
				"CODE_SIGN_IDENTITY[sdk=iphoneos*]" = "iPhone Developer";
				COPY_PHASE_STRIP = YES;
				GCC_C_LANGUAGE_STANDARD = gnu99;
				GCC_VERSION = com.apple.compilers.llvm.clang.1_0;
				GCC_WARN_ABOUT_MISSING_PROTOTYPES = YES;
				GCC_WARN_ABOUT_RETURN_TYPE = YES;
				GCC_WARN_UNUSED_VARIABLE = YES;
				IPHONEOS_DEPLOYMENT_TARGET = 5.0;
				OTHER_CFLAGS = "-DNS_BLOCK_ASSERTIONS=1";
				SDKROOT = iphoneos;
				TARGETED_DEVICE_FAMILY = "1,2";
				VALIDATE_PRODUCT = YES;
			};
			name = Release;
		};
		083915D414617577005C42D8 /* Debug */ = {
			isa = XCBuildConfiguration;
			buildSettings = {
				FRAMEWORK_SEARCH_PATHS = (
					"$(inherited)",
					"\"$(SRCROOT)/libs/objectiveFlickr\"",
				);
				GCC_PRECOMPILE_PREFIX_HEADER = YES;
				GCC_PREFIX_HEADER = "photoReX/photoRex-Prefix.pch";
				INFOPLIST_FILE = "photoRex/photoRex-Info.plist";
				LIBRARY_SEARCH_PATHS = (
					"$(inherited)",
					"\"$(SRCROOT)/libs/objectiveFlickr\"",
				);
				PRODUCT_NAME = photoRex;
				WRAPPER_EXTENSION = app;
			};
			name = Debug;
		};
		083915D514617577005C42D8 /* Release */ = {
			isa = XCBuildConfiguration;
			buildSettings = {
				FRAMEWORK_SEARCH_PATHS = (
					"$(inherited)",
					"\"$(SRCROOT)/libs/objectiveFlickr\"",
				);
				GCC_PRECOMPILE_PREFIX_HEADER = YES;
				GCC_PREFIX_HEADER = "photoReX/photoRex-Prefix.pch";
				INFOPLIST_FILE = "photoRex/photoRex-Info.plist";
				LIBRARY_SEARCH_PATHS = (
					"$(inherited)",
					"\"$(SRCROOT)/libs/objectiveFlickr\"",
				);
				PRODUCT_NAME = photoRex;
				WRAPPER_EXTENSION = app;
			};
			name = Release;
		};
/* End XCBuildConfiguration section */

/* Begin XCConfigurationList section */
		083915B014617577005C42D8 /* Build configuration list for PBXProject "photoReX" */ = {
			isa = XCConfigurationList;
			buildConfigurations = (
				083915D114617577005C42D8 /* Debug */,
				083915D214617577005C42D8 /* Release */,
			);
			defaultConfigurationIsVisible = 0;
			defaultConfigurationName = Release;
		};
		083915D314617577005C42D8 /* Build configuration list for PBXNativeTarget "photoReX" */ = {
			isa = XCConfigurationList;
			buildConfigurations = (
				083915D414617577005C42D8 /* Debug */,
				083915D514617577005C42D8 /* Release */,
			);
			defaultConfigurationIsVisible = 0;
			defaultConfigurationName = Release;
		};
/* End XCConfigurationList section */

/* Begin XCVersionGroup section */
		08F1524E1481316000CF7BD9 /* photoRexplore.xcdatamodeld */ = {
			isa = XCVersionGroup;
			children = (
				08F1524F1481316000CF7BD9 /* photoRexplore.xcdatamodel */,
			);
			currentVersion = 08F1524F1481316000CF7BD9 /* photoRexplore.xcdatamodel */;
			path = photoRexplore.xcdatamodeld;
			sourceTree = "<group>";
			versionGroupType = wrapper.xcdatamodel;
		};
/* End XCVersionGroup section */
	};
	rootObject = 083915AD14617577005C42D8 /* Project object */;
}
